// !$*UTF8*$!
{
	archiveVersion = 1;
	classes = {
	};
	objectVersion = 46;
	objects = {

/* Begin PBXBuildFile section */
		49861AEF30E92900DC615173 /* Pods_Suto_StreamTests.framework in Frameworks */ = {isa = PBXBuildFile; fileRef = 231CD08B1701A8F0961FCB57 /* Pods_Suto_StreamTests.framework */; };
		7C0406F31CF46CBF008D3D77 /* StreamListController.swift in Sources */ = {isa = PBXBuildFile; fileRef = 7C0406F21CF46CBF008D3D77 /* StreamListController.swift */; };
		7C0406FA1CF59A61008D3D77 /* HomeCollectionViewController.swift in Sources */ = {isa = PBXBuildFile; fileRef = 7C0406F91CF59A61008D3D77 /* HomeCollectionViewController.swift */; };
		7C0406FC1CF5A498008D3D77 /* TwitchGameCollectionCell.swift in Sources */ = {isa = PBXBuildFile; fileRef = 7C0406FB1CF5A498008D3D77 /* TwitchGameCollectionCell.swift */; };
		7C0407781CF5ED95008D3D77 /* SutoTabBarController.swift in Sources */ = {isa = PBXBuildFile; fileRef = 7C0407771CF5ED95008D3D77 /* SutoTabBarController.swift */; };
		7C0C03621D05C7F10033BCED /* TwitchChannelAccess.swift in Sources */ = {isa = PBXBuildFile; fileRef = 7C0C03611D05C7EF0033BCED /* TwitchChannelAccess.swift */; };
		7C0C03641D05C9070033BCED /* TwitchStreamInfo.swift in Sources */ = {isa = PBXBuildFile; fileRef = 7C0C03631D05C9070033BCED /* TwitchStreamInfo.swift */; };
		7C0C03661D05CD650033BCED /* test.m3u8 in Resources */ = {isa = PBXBuildFile; fileRef = 7C0C03651D05CD650033BCED /* test.m3u8 */; };
		7C0E1A331CFC78D80060DA4F /* DataSource.swift in Sources */ = {isa = PBXBuildFile; fileRef = 7C0E1A1B1CFC78D80060DA4F /* DataSource.swift */; };
		7C0E1A341CFC78D80060DA4F /* Deal.swift in Sources */ = {isa = PBXBuildFile; fileRef = 7C0E1A1C1CFC78D80060DA4F /* Deal.swift */; };
		7C0E1A351CFC78D80060DA4F /* DealSection.swift in Sources */ = {isa = PBXBuildFile; fileRef = 7C0E1A1D1CFC78D80060DA4F /* DealSection.swift */; };
		7C0E1A361CFC78D80060DA4F /* Dish.swift in Sources */ = {isa = PBXBuildFile; fileRef = 7C0E1A1E1CFC78D80060DA4F /* Dish.swift */; };
		7C0E1A371CFC78D80060DA4F /* IDataSource.swift in Sources */ = {isa = PBXBuildFile; fileRef = 7C0E1A1F1CFC78D80060DA4F /* IDataSource.swift */; };
		7C0E1A381CFC78D80060DA4F /* IJsonConverter.swift in Sources */ = {isa = PBXBuildFile; fileRef = 7C0E1A201CFC78D80060DA4F /* IJsonConverter.swift */; };
		7C0E1A391CFC78D80060DA4F /* INextProvider.swift in Sources */ = {isa = PBXBuildFile; fileRef = 7C0E1A211CFC78D80060DA4F /* INextProvider.swift */; };
		7C0E1A3A1CFC78D80060DA4F /* IWebService.swift in Sources */ = {isa = PBXBuildFile; fileRef = 7C0E1A221CFC78D80060DA4F /* IWebService.swift */; };
		7C0E1A3B1CFC78D80060DA4F /* JsonInitable.swift in Sources */ = {isa = PBXBuildFile; fileRef = 7C0E1A231CFC78D80060DA4F /* JsonInitable.swift */; };
		7C0E1A3D1CFC78D80060DA4F /* NetworkError.swift in Sources */ = {isa = PBXBuildFile; fileRef = 7C0E1A251CFC78D80060DA4F /* NetworkError.swift */; };
		7C0E1A3E1CFC78D80060DA4F /* SwiftyConverter.swift in Sources */ = {isa = PBXBuildFile; fileRef = 7C0E1A261CFC78D80060DA4F /* SwiftyConverter.swift */; };
		7C0E1A3F1CFC78D80060DA4F /* TestTwitch.swift in Sources */ = {isa = PBXBuildFile; fileRef = 7C0E1A271CFC78D80060DA4F /* TestTwitch.swift */; };
		7C0E1A401CFC78D80060DA4F /* TwitchChannel.swift in Sources */ = {isa = PBXBuildFile; fileRef = 7C0E1A281CFC78D80060DA4F /* TwitchChannel.swift */; };
		7C0E1A411CFC78D80060DA4F /* TwitchEndpoint.swift in Sources */ = {isa = PBXBuildFile; fileRef = 7C0E1A291CFC78D80060DA4F /* TwitchEndpoint.swift */; };
		7C0E1A421CFC78D80060DA4F /* TwitchEndpointResult.swift in Sources */ = {isa = PBXBuildFile; fileRef = 7C0E1A2A1CFC78D80060DA4F /* TwitchEndpointResult.swift */; };
		7C0E1A431CFC78D80060DA4F /* TwitchGame.swift in Sources */ = {isa = PBXBuildFile; fileRef = 7C0E1A2B1CFC78D80060DA4F /* TwitchGame.swift */; };
		7C0E1A441CFC78D80060DA4F /* TwitchGameBox.swift in Sources */ = {isa = PBXBuildFile; fileRef = 7C0E1A2C1CFC78D80060DA4F /* TwitchGameBox.swift */; };
		7C0E1A451CFC78D80060DA4F /* TwitchGameLogo.swift in Sources */ = {isa = PBXBuildFile; fileRef = 7C0E1A2D1CFC78D80060DA4F /* TwitchGameLogo.swift */; };
		7C0E1A461CFC78D80060DA4F /* TwitchLink.swift in Sources */ = {isa = PBXBuildFile; fileRef = 7C0E1A2E1CFC78D80060DA4F /* TwitchLink.swift */; };
		7C0E1A471CFC78D80060DA4F /* TwitchTopGame.swift in Sources */ = {isa = PBXBuildFile; fileRef = 7C0E1A2F1CFC78D80060DA4F /* TwitchTopGame.swift */; };
		7C0E1A481CFC78D80060DA4F /* TwitchTopGameResult.swift in Sources */ = {isa = PBXBuildFile; fileRef = 7C0E1A301CFC78D80060DA4F /* TwitchTopGameResult.swift */; };
		7C0E1A491CFC78D80060DA4F /* TwitchTopGameService.swift in Sources */ = {isa = PBXBuildFile; fileRef = 7C0E1A311CFC78D80060DA4F /* TwitchTopGameService.swift */; };
		7C0E1A4A1CFC78D80060DA4F /* WebService.swift in Sources */ = {isa = PBXBuildFile; fileRef = 7C0E1A321CFC78D80060DA4F /* WebService.swift */; };
		7C1BD7D11D072A0C00F9773A /* M3U8Parser.swift in Sources */ = {isa = PBXBuildFile; fileRef = 7C1BD7D01D072A0C00F9773A /* M3U8Parser.swift */; };
		7C1EA5AA1CF71DFF00905A9F /* AppConstant.swift in Sources */ = {isa = PBXBuildFile; fileRef = 7C1EA5A91CF71DFF00905A9F /* AppConstant.swift */; };
		7C1EA5AD1CF720B000905A9F /* UIColorHelper.swift in Sources */ = {isa = PBXBuildFile; fileRef = 7C1EA5AC1CF720B000905A9F /* UIColorHelper.swift */; };
		7C1EA5AF1CF7313500905A9F /* RoundedCornersView.swift in Sources */ = {isa = PBXBuildFile; fileRef = 7C1EA5AE1CF7313500905A9F /* RoundedCornersView.swift */; };
		7C1EA5B21CF740A300905A9F /* SutoNavigationController.swift in Sources */ = {isa = PBXBuildFile; fileRef = 7C1EA5B11CF740A300905A9F /* SutoNavigationController.swift */; };
		7C1EA5B41CF84C4E00905A9F /* SutoViewController.swift in Sources */ = {isa = PBXBuildFile; fileRef = 7C1EA5B31CF84C4D00905A9F /* SutoViewController.swift */; };
		7C44F0961D0AD9DD00681476 /* SideMenuViewController.swift in Sources */ = {isa = PBXBuildFile; fileRef = 7C44F0951D0AD9DD00681476 /* SideMenuViewController.swift */; };
		7C4576A31D144CF500CF9A44 /* SettingCell.swift in Sources */ = {isa = PBXBuildFile; fileRef = 7C4576A21D144CF500CF9A44 /* SettingCell.swift */; };
		7C4576A51D18254400CF9A44 /* Oauth2Service.swift in Sources */ = {isa = PBXBuildFile; fileRef = 7C4576A41D18254400CF9A44 /* Oauth2Service.swift */; };
		7C45CAB71CEDFDDD009CE382 /* AppDelegate.swift in Sources */ = {isa = PBXBuildFile; fileRef = 7C45CAB61CEDFDDD009CE382 /* AppDelegate.swift */; };
		7C45CABC1CEDFDDD009CE382 /* Main.storyboard in Resources */ = {isa = PBXBuildFile; fileRef = 7C45CABA1CEDFDDD009CE382 /* Main.storyboard */; };
		7C45CABF1CEDFDDD009CE382 /* Suto_Stream.xcdatamodeld in Sources */ = {isa = PBXBuildFile; fileRef = 7C45CABD1CEDFDDD009CE382 /* Suto_Stream.xcdatamodeld */; };
		7C45CAC11CEDFDDD009CE382 /* Assets.xcassets in Resources */ = {isa = PBXBuildFile; fileRef = 7C45CAC01CEDFDDD009CE382 /* Assets.xcassets */; };
		7C45CAC41CEDFDDD009CE382 /* LaunchScreen.storyboard in Resources */ = {isa = PBXBuildFile; fileRef = 7C45CAC21CEDFDDD009CE382 /* LaunchScreen.storyboard */; };
		7C45CADA1CEDFDDE009CE382 /* Suto_StreamUITests.swift in Sources */ = {isa = PBXBuildFile; fileRef = 7C45CAD91CEDFDDE009CE382 /* Suto_StreamUITests.swift */; };
		7C45CAEA1CEDFFE2009CE382 /* HomeViewModel.swift in Sources */ = {isa = PBXBuildFile; fileRef = 7C45CAE91CEDFFE2009CE382 /* HomeViewModel.swift */; };
		7C4BAF161CEF010400548A75 /* HomeViewController.swift in Sources */ = {isa = PBXBuildFile; fileRef = 7C4BAF151CEF010400548A75 /* HomeViewController.swift */; };
		7C57EC7F1D08410800AFC2BC /* IM3U8Parser.swift in Sources */ = {isa = PBXBuildFile; fileRef = 7C57EC7E1D08410800AFC2BC /* IM3U8Parser.swift */; };
		7C57EC811D08443F00AFC2BC /* TwitchStreamInfoService.swift in Sources */ = {isa = PBXBuildFile; fileRef = 7C57EC801D08443F00AFC2BC /* TwitchStreamInfoService.swift */; };
		7C5C76701D25797200CFE2AE /* AppSetting.swift in Sources */ = {isa = PBXBuildFile; fileRef = 7C5C766F1D25797200CFE2AE /* AppSetting.swift */; };
		7C66F70E1D2141DB00DA87D3 /* SutoPlayerContainer.swift in Sources */ = {isa = PBXBuildFile; fileRef = 7C66F70D1D2141DB00DA87D3 /* SutoPlayerContainer.swift */; };
		7C728DD21D1171B2003B1599 /* UIViewController.swift in Sources */ = {isa = PBXBuildFile; fileRef = 7C728DD11D1171B1003B1599 /* UIViewController.swift */; };
		7C728DD41D1175DF003B1599 /* SideMenuProfile.swift in Sources */ = {isa = PBXBuildFile; fileRef = 7C728DD31D1175DF003B1599 /* SideMenuProfile.swift */; };
		7C728DD71D11880A003B1599 /* HighLightButton.swift in Sources */ = {isa = PBXBuildFile; fileRef = 7C728DD61D11880A003B1599 /* HighLightButton.swift */; };
		7C728DE11D11892C003B1599 /* PaintCodeIcons.swift in Sources */ = {isa = PBXBuildFile; fileRef = 7C728DD91D11892C003B1599 /* PaintCodeIcons.swift */; };
		7C728DE21D11892C003B1599 /* PaintCodeIcons2.swift in Sources */ = {isa = PBXBuildFile; fileRef = 7C728DDA1D11892C003B1599 /* PaintCodeIcons2.swift */; };
		7C728DE31D11892C003B1599 /* PaintCodeIcon3.swift in Sources */ = {isa = PBXBuildFile; fileRef = 7C728DDB1D11892C003B1599 /* PaintCodeIcon3.swift */; };
		7C728DE41D11892C003B1599 /* PaintCodeIcon4.swift in Sources */ = {isa = PBXBuildFile; fileRef = 7C728DDC1D11892C003B1599 /* PaintCodeIcon4.swift */; };
		7C728DE51D11892C003B1599 /* PaintCodeIcon5.swift in Sources */ = {isa = PBXBuildFile; fileRef = 7C728DDD1D11892C003B1599 /* PaintCodeIcon5.swift */; };
		7C728DE61D11892C003B1599 /* PaintCodeIcon6.swift in Sources */ = {isa = PBXBuildFile; fileRef = 7C728DDE1D11892C003B1599 /* PaintCodeIcon6.swift */; };
		7C728DE71D11892C003B1599 /* PaintCodeIcons7.swift in Sources */ = {isa = PBXBuildFile; fileRef = 7C728DDF1D11892C003B1599 /* PaintCodeIcons7.swift */; };
		7C728DE81D11892C003B1599 /* PaintCodeIcon8.swift in Sources */ = {isa = PBXBuildFile; fileRef = 7C728DE01D11892C003B1599 /* PaintCodeIcon8.swift */; };
		7C728DEB1D11923B003B1599 /* SettingViewController.swift in Sources */ = {isa = PBXBuildFile; fileRef = 7C728DEA1D11923B003B1599 /* SettingViewController.swift */; };
		7C728DED1D11B252003B1599 /* TableFooter.swift in Sources */ = {isa = PBXBuildFile; fileRef = 7C728DEC1D11B252003B1599 /* TableFooter.swift */; };
		7C728DEF1D13FCFE003B1599 /* HidingNavigationBarManagerDelegate.swift in Sources */ = {isa = PBXBuildFile; fileRef = 7C728DEE1D13FCFE003B1599 /* HidingNavigationBarManagerDelegate.swift */; };
		7C728DF11D13FD27003B1599 /* HidingViewController.swift in Sources */ = {isa = PBXBuildFile; fileRef = 7C728DF01D13FD27003B1599 /* HidingViewController.swift */; };
		7C728DF61D141DF3003B1599 /* SWRevealViewController.m in Sources */ = {isa = PBXBuildFile; fileRef = 7C728DF51D141DF3003B1599 /* SWRevealViewController.m */; };
		7C728DF81D142DB5003B1599 /* StreamListViewModeling.swift in Sources */ = {isa = PBXBuildFile; fileRef = 7C728DF71D142DB5003B1599 /* StreamListViewModeling.swift */; };
		7C728DFA1D144009003B1599 /* ChatEnableCell.swift in Sources */ = {isa = PBXBuildFile; fileRef = 7C728DF91D144009003B1599 /* ChatEnableCell.swift */; };
		7C728DFC1D14401F003B1599 /* VideoQualityCell.swift in Sources */ = {isa = PBXBuildFile; fileRef = 7C728DFB1D14401F003B1599 /* VideoQualityCell.swift */; };
		7C728DFE1D14406C003B1599 /* NotificationCell.swift in Sources */ = {isa = PBXBuildFile; fileRef = 7C728DFD1D14406C003B1599 /* NotificationCell.swift */; };
		7C7BD8371D0044A100F6701A /* IntroTwoViewController.swift in Sources */ = {isa = PBXBuildFile; fileRef = 7C7BD8361D0044A100F6701A /* IntroTwoViewController.swift */; };
		7C7BD8391D0044AD00F6701A /* IntroThreeViewController.swift in Sources */ = {isa = PBXBuildFile; fileRef = 7C7BD8381D0044AD00F6701A /* IntroThreeViewController.swift */; };
		7C7BD83B1D0056A000F6701A /* StreamListViewModel.swift in Sources */ = {isa = PBXBuildFile; fileRef = 7C7BD83A1D0056A000F6701A /* StreamListViewModel.swift */; };
		7C7BD83D1D005A4100F6701A /* TwitchStreamResult.swift in Sources */ = {isa = PBXBuildFile; fileRef = 7C7BD83C1D005A4100F6701A /* TwitchStreamResult.swift */; };
		7C7BD83F1D005A8E00F6701A /* TwitchStream.swift in Sources */ = {isa = PBXBuildFile; fileRef = 7C7BD83E1D005A8E00F6701A /* TwitchStream.swift */; };
		7C7BD8411D005B3000F6701A /* TwitchStreamPreview.swift in Sources */ = {isa = PBXBuildFile; fileRef = 7C7BD8401D005B3000F6701A /* TwitchStreamPreview.swift */; };
		7C7BD8431D005FE200F6701A /* PlayerViewController.swift in Sources */ = {isa = PBXBuildFile; fileRef = 7C7BD8421D005FE200F6701A /* PlayerViewController.swift */; };
		7C7BD8451D00648800F6701A /* PlayerViewModel.swift in Sources */ = {isa = PBXBuildFile; fileRef = 7C7BD8441D00648800F6701A /* PlayerViewModel.swift */; };
		7C7BD8481D0067D700F6701A /* StreamCell.swift in Sources */ = {isa = PBXBuildFile; fileRef = 7C7BD8471D0067D700F6701A /* StreamCell.swift */; };
		7C7BD84A1D006B4B00F6701A /* StreamCellViewModel.swift in Sources */ = {isa = PBXBuildFile; fileRef = 7C7BD8491D006B4B00F6701A /* StreamCellViewModel.swift */; };
		7C7BD84C1D006E7200F6701A /* BaseViewModel.swift in Sources */ = {isa = PBXBuildFile; fileRef = 7C7BD84B1D006E7200F6701A /* BaseViewModel.swift */; };
		7C7BD8511D00752A00F6701A /* TwitchStreamService.swift in Sources */ = {isa = PBXBuildFile; fileRef = 7C7BD8501D00752A00F6701A /* TwitchStreamService.swift */; };
		7C7BD8541D007FAE00F6701A /* Dictionary.swift in Sources */ = {isa = PBXBuildFile; fileRef = 7C7BD8531D007FAE00F6701A /* Dictionary.swift */; };
		7C7BD8571D0199B000F6701A /* SettingService.swift in Sources */ = {isa = PBXBuildFile; fileRef = 7C7BD8561D0199B000F6701A /* SettingService.swift */; };
		7C7BD8591D019E5F00F6701A /* SettingAdapter.swift in Sources */ = {isa = PBXBuildFile; fileRef = 7C7BD8581D019E5F00F6701A /* SettingAdapter.swift */; };
		7C7BD85C1D01AECF00F6701A /* String.swift in Sources */ = {isa = PBXBuildFile; fileRef = 7C7BD85B1D01AECF00F6701A /* String.swift */; };
		7C8329801D266B2000CED836 /* UIImageView.swift in Sources */ = {isa = PBXBuildFile; fileRef = 7C83297F1D266B2000CED836 /* UIImageView.swift */; };
		7CA1AEF71CFC48210076551D /* IntroViewController.swift in Sources */ = {isa = PBXBuildFile; fileRef = 7CA1AEF61CFC48210076551D /* IntroViewController.swift */; };
		7CA6E4BD1CEE05CE00F61144 /* HomeViewModeling.swift in Sources */ = {isa = PBXBuildFile; fileRef = 7CA6E4BC1CEE05CE00F61144 /* HomeViewModeling.swift */; };
		7CA6E4BF1CEE087E00F61144 /* serviceLocate.swift in Sources */ = {isa = PBXBuildFile; fileRef = 7CA6E4BE1CEE087E00F61144 /* serviceLocate.swift */; };
		7CAC95D11D0B0C86000E8808 /* SideMenuProfileCell.swift in Sources */ = {isa = PBXBuildFile; fileRef = 7CAC95D01D0B0C86000E8808 /* SideMenuProfileCell.swift */; };
		7CB6D54F1D01D5A6002CDA8D /* DefaultImage.swift in Sources */ = {isa = PBXBuildFile; fileRef = 7CB6D54E1D01D5A6002CDA8D /* DefaultImage.swift */; };
		7CD6A21F1D2BED830080ABE4 /* TwitchUserModeling.swift in Sources */ = {isa = PBXBuildFile; fileRef = 7CD6A21E1D2BED820080ABE4 /* TwitchUserModeling.swift */; };
		7CD6A2211D2BEDBF0080ABE4 /* TwitchUserModel.swift in Sources */ = {isa = PBXBuildFile; fileRef = 7CD6A2201D2BEDBF0080ABE4 /* TwitchUserModel.swift */; };
		7CD6A2231D2CFCE00080ABE4 /* SutoSearchViewController.swift in Sources */ = {isa = PBXBuildFile; fileRef = 7CD6A2221D2CFCE00080ABE4 /* SutoSearchViewController.swift */; };
		7CD6A2251D2FD9F20080ABE4 /* TopStreamListController.swift in Sources */ = {isa = PBXBuildFile; fileRef = 7CD6A2241D2FD9F20080ABE4 /* TopStreamListController.swift */; };
		7CE8BF661D002F6A006E631A /* IntroOneViewController.swift in Sources */ = {isa = PBXBuildFile; fileRef = 7CE8BF651D002F6A006E631A /* IntroOneViewController.swift */; };
		7CE8EC1B1CEF3EDC00471A46 /* AppDelegateSpec.swift in Sources */ = {isa = PBXBuildFile; fileRef = 7CE8EC1A1CEF3EDC00471A46 /* AppDelegateSpec.swift */; };
		7CE8EC1E1CEF4D5D00471A46 /* Localizable.strings in Resources */ = {isa = PBXBuildFile; fileRef = 7CE8EC201CEF4D5D00471A46 /* Localizable.strings */; };
		7CE8EC231CEF4D9E00471A46 /* LocalizedString.swift in Sources */ = {isa = PBXBuildFile; fileRef = 7CE8EC221CEF4D9E00471A46 /* LocalizedString.swift */; };
		7CE8EC251CEF56A900471A46 /* TwitchGameCell.swift in Sources */ = {isa = PBXBuildFile; fileRef = 7CE8EC241CEF56A900471A46 /* TwitchGameCell.swift */; };
		7CE8EC271CEF57CA00471A46 /* TwitchGameCellModeling.swift in Sources */ = {isa = PBXBuildFile; fileRef = 7CE8EC261CEF57CA00471A46 /* TwitchGameCellModeling.swift */; };
		7CE8EC291CEF57D700471A46 /* TwitchGameCellViewModel.swift in Sources */ = {isa = PBXBuildFile; fileRef = 7CE8EC281CEF57D700471A46 /* TwitchGameCellViewModel.swift */; };
		7CEAA8AC1D211F2700E442F6 /* Pods_Suto_Stream.framework in Frameworks */ = {isa = PBXBuildFile; fileRef = 7FC9648FEF6883EE596B0AA4 /* Pods_Suto_Stream.framework */; };
		7CF840641D2685950027210C /* CellAnimationHelper.swift in Sources */ = {isa = PBXBuildFile; fileRef = 7CF840631D2685950027210C /* CellAnimationHelper.swift */; };
		7CF840661D26A1B40027210C /* TwitchUser.swift in Sources */ = {isa = PBXBuildFile; fileRef = 7CF840651D26A1B40027210C /* TwitchUser.swift */; };
		7CF840681D2A69DD0027210C /* RACUtil.swift in Sources */ = {isa = PBXBuildFile; fileRef = 7CF840671D2A69DD0027210C /* RACUtil.swift */; };
		8C08B5E5383E200869EB9A4E /* Pods_Suto_StreamUITests.framework in Frameworks */ = {isa = PBXBuildFile; fileRef = D34DF1B27B82FC833DBC9940 /* Pods_Suto_StreamUITests.framework */; };
		BAB8C0FB32EB4BE7ED370371 /* SearchViewController.swift in Sources */ = {isa = PBXBuildFile; fileRef = BAB8CE34B55DED08BE9A87F0 /* SearchViewController.swift */; };
		BAB8C18E9E0A3620356443A0 /* SearchViewModel.swift in Sources */ = {isa = PBXBuildFile; fileRef = BAB8C07721000D63DCD6E0A5 /* SearchViewModel.swift */; };
/* End PBXBuildFile section */

/* Begin PBXContainerItemProxy section */
		7C45CACB1CEDFDDE009CE382 /* PBXContainerItemProxy */ = {
			isa = PBXContainerItemProxy;
			containerPortal = 7C45CAAB1CEDFDDD009CE382 /* Project object */;
			proxyType = 1;
			remoteGlobalIDString = 7C45CAB21CEDFDDD009CE382;
			remoteInfo = "Suto Stream";
		};
		7C45CAD61CEDFDDE009CE382 /* PBXContainerItemProxy */ = {
			isa = PBXContainerItemProxy;
			containerPortal = 7C45CAAB1CEDFDDD009CE382 /* Project object */;
			proxyType = 1;
			remoteGlobalIDString = 7C45CAB21CEDFDDD009CE382;
			remoteInfo = "Suto Stream";
		};
/* End PBXContainerItemProxy section */

/* Begin PBXFileReference section */
		0E539A4C433B7B875CC757AC /* Pods-Suto StreamTests.debug.xcconfig */ = {isa = PBXFileReference; includeInIndex = 1; lastKnownFileType = text.xcconfig; name = "Pods-Suto StreamTests.debug.xcconfig"; path = "Pods/Target Support Files/Pods-Suto StreamTests/Pods-Suto StreamTests.debug.xcconfig"; sourceTree = "<group>"; };
		231CD08B1701A8F0961FCB57 /* Pods_Suto_StreamTests.framework */ = {isa = PBXFileReference; explicitFileType = wrapper.framework; includeInIndex = 0; path = Pods_Suto_StreamTests.framework; sourceTree = BUILT_PRODUCTS_DIR; };
		26CA58B430E33CAD9B517666 /* Pods-Suto Stream.debug.xcconfig */ = {isa = PBXFileReference; includeInIndex = 1; lastKnownFileType = text.xcconfig; name = "Pods-Suto Stream.debug.xcconfig"; path = "Pods/Target Support Files/Pods-Suto Stream/Pods-Suto Stream.debug.xcconfig"; sourceTree = "<group>"; };
		61B5FAFD05A4D3633EF1D045 /* Pods-Suto StreamUITests.release.xcconfig */ = {isa = PBXFileReference; includeInIndex = 1; lastKnownFileType = text.xcconfig; name = "Pods-Suto StreamUITests.release.xcconfig"; path = "Pods/Target Support Files/Pods-Suto StreamUITests/Pods-Suto StreamUITests.release.xcconfig"; sourceTree = "<group>"; };
		7C0406F21CF46CBF008D3D77 /* StreamListController.swift */ = {isa = PBXFileReference; fileEncoding = 4; lastKnownFileType = sourcecode.swift; path = StreamListController.swift; sourceTree = "<group>"; };
		7C0406F91CF59A61008D3D77 /* HomeCollectionViewController.swift */ = {isa = PBXFileReference; fileEncoding = 4; lastKnownFileType = sourcecode.swift; path = HomeCollectionViewController.swift; sourceTree = "<group>"; };
		7C0406FB1CF5A498008D3D77 /* TwitchGameCollectionCell.swift */ = {isa = PBXFileReference; fileEncoding = 4; lastKnownFileType = sourcecode.swift; path = TwitchGameCollectionCell.swift; sourceTree = "<group>"; };
		7C0407771CF5ED95008D3D77 /* SutoTabBarController.swift */ = {isa = PBXFileReference; fileEncoding = 4; lastKnownFileType = sourcecode.swift; path = SutoTabBarController.swift; sourceTree = "<group>"; };
		7C0C03611D05C7EF0033BCED /* TwitchChannelAccess.swift */ = {isa = PBXFileReference; fileEncoding = 4; lastKnownFileType = sourcecode.swift; path = TwitchChannelAccess.swift; sourceTree = "<group>"; };
		7C0C03631D05C9070033BCED /* TwitchStreamInfo.swift */ = {isa = PBXFileReference; fileEncoding = 4; lastKnownFileType = sourcecode.swift; path = TwitchStreamInfo.swift; sourceTree = "<group>"; };
		7C0C03651D05CD650033BCED /* test.m3u8 */ = {isa = PBXFileReference; fileEncoding = 4; lastKnownFileType = text; name = test.m3u8; path = "Suto StreamTests/test.m3u8"; sourceTree = SOURCE_ROOT; };
		7C0E1A1B1CFC78D80060DA4F /* DataSource.swift */ = {isa = PBXFileReference; fileEncoding = 4; lastKnownFileType = sourcecode.swift; name = DataSource.swift; path = ApiClientTemp/DataSource.swift; sourceTree = "<group>"; };
		7C0E1A1C1CFC78D80060DA4F /* Deal.swift */ = {isa = PBXFileReference; fileEncoding = 4; lastKnownFileType = sourcecode.swift; name = Deal.swift; path = ApiClientTemp/Deal.swift; sourceTree = "<group>"; };
		7C0E1A1D1CFC78D80060DA4F /* DealSection.swift */ = {isa = PBXFileReference; fileEncoding = 4; lastKnownFileType = sourcecode.swift; name = DealSection.swift; path = ApiClientTemp/DealSection.swift; sourceTree = "<group>"; };
		7C0E1A1E1CFC78D80060DA4F /* Dish.swift */ = {isa = PBXFileReference; fileEncoding = 4; lastKnownFileType = sourcecode.swift; name = Dish.swift; path = ApiClientTemp/Dish.swift; sourceTree = "<group>"; };
		7C0E1A1F1CFC78D80060DA4F /* IDataSource.swift */ = {isa = PBXFileReference; fileEncoding = 4; lastKnownFileType = sourcecode.swift; name = IDataSource.swift; path = ApiClientTemp/IDataSource.swift; sourceTree = "<group>"; };
		7C0E1A201CFC78D80060DA4F /* IJsonConverter.swift */ = {isa = PBXFileReference; fileEncoding = 4; lastKnownFileType = sourcecode.swift; name = IJsonConverter.swift; path = ApiClientTemp/IJsonConverter.swift; sourceTree = "<group>"; };
		7C0E1A211CFC78D80060DA4F /* INextProvider.swift */ = {isa = PBXFileReference; fileEncoding = 4; lastKnownFileType = sourcecode.swift; name = INextProvider.swift; path = ApiClientTemp/INextProvider.swift; sourceTree = "<group>"; };
		7C0E1A221CFC78D80060DA4F /* IWebService.swift */ = {isa = PBXFileReference; fileEncoding = 4; lastKnownFileType = sourcecode.swift; name = IWebService.swift; path = ApiClientTemp/IWebService.swift; sourceTree = "<group>"; };
		7C0E1A231CFC78D80060DA4F /* JsonInitable.swift */ = {isa = PBXFileReference; fileEncoding = 4; lastKnownFileType = sourcecode.swift; name = JsonInitable.swift; path = ApiClientTemp/JsonInitable.swift; sourceTree = "<group>"; };
		7C0E1A251CFC78D80060DA4F /* NetworkError.swift */ = {isa = PBXFileReference; fileEncoding = 4; lastKnownFileType = sourcecode.swift; name = NetworkError.swift; path = ApiClientTemp/NetworkError.swift; sourceTree = "<group>"; };
		7C0E1A261CFC78D80060DA4F /* SwiftyConverter.swift */ = {isa = PBXFileReference; fileEncoding = 4; lastKnownFileType = sourcecode.swift; name = SwiftyConverter.swift; path = ApiClientTemp/SwiftyConverter.swift; sourceTree = "<group>"; };
		7C0E1A271CFC78D80060DA4F /* TestTwitch.swift */ = {isa = PBXFileReference; fileEncoding = 4; lastKnownFileType = sourcecode.swift; name = TestTwitch.swift; path = ApiClientTemp/TestTwitch.swift; sourceTree = "<group>"; };
		7C0E1A281CFC78D80060DA4F /* TwitchChannel.swift */ = {isa = PBXFileReference; fileEncoding = 4; lastKnownFileType = sourcecode.swift; name = TwitchChannel.swift; path = ApiClientTemp/TwitchChannel.swift; sourceTree = "<group>"; };
		7C0E1A291CFC78D80060DA4F /* TwitchEndpoint.swift */ = {isa = PBXFileReference; fileEncoding = 4; lastKnownFileType = sourcecode.swift; name = TwitchEndpoint.swift; path = ApiClientTemp/TwitchEndpoint.swift; sourceTree = "<group>"; };
		7C0E1A2A1CFC78D80060DA4F /* TwitchEndpointResult.swift */ = {isa = PBXFileReference; fileEncoding = 4; lastKnownFileType = sourcecode.swift; name = TwitchEndpointResult.swift; path = ApiClientTemp/TwitchEndpointResult.swift; sourceTree = "<group>"; };
		7C0E1A2B1CFC78D80060DA4F /* TwitchGame.swift */ = {isa = PBXFileReference; fileEncoding = 4; lastKnownFileType = sourcecode.swift; name = TwitchGame.swift; path = ApiClientTemp/TwitchGame.swift; sourceTree = "<group>"; };
		7C0E1A2C1CFC78D80060DA4F /* TwitchGameBox.swift */ = {isa = PBXFileReference; fileEncoding = 4; lastKnownFileType = sourcecode.swift; name = TwitchGameBox.swift; path = ApiClientTemp/TwitchGameBox.swift; sourceTree = "<group>"; };
		7C0E1A2D1CFC78D80060DA4F /* TwitchGameLogo.swift */ = {isa = PBXFileReference; fileEncoding = 4; lastKnownFileType = sourcecode.swift; name = TwitchGameLogo.swift; path = ApiClientTemp/TwitchGameLogo.swift; sourceTree = "<group>"; };
		7C0E1A2E1CFC78D80060DA4F /* TwitchLink.swift */ = {isa = PBXFileReference; fileEncoding = 4; lastKnownFileType = sourcecode.swift; name = TwitchLink.swift; path = ApiClientTemp/TwitchLink.swift; sourceTree = "<group>"; };
		7C0E1A2F1CFC78D80060DA4F /* TwitchTopGame.swift */ = {isa = PBXFileReference; fileEncoding = 4; lastKnownFileType = sourcecode.swift; name = TwitchTopGame.swift; path = ApiClientTemp/TwitchTopGame.swift; sourceTree = "<group>"; };
		7C0E1A301CFC78D80060DA4F /* TwitchTopGameResult.swift */ = {isa = PBXFileReference; fileEncoding = 4; lastKnownFileType = sourcecode.swift; name = TwitchTopGameResult.swift; path = ApiClientTemp/TwitchTopGameResult.swift; sourceTree = "<group>"; };
		7C0E1A311CFC78D80060DA4F /* TwitchTopGameService.swift */ = {isa = PBXFileReference; fileEncoding = 4; lastKnownFileType = sourcecode.swift; name = TwitchTopGameService.swift; path = ApiClientTemp/TwitchTopGameService.swift; sourceTree = "<group>"; };
		7C0E1A321CFC78D80060DA4F /* WebService.swift */ = {isa = PBXFileReference; fileEncoding = 4; lastKnownFileType = sourcecode.swift; name = WebService.swift; path = ApiClientTemp/WebService.swift; sourceTree = "<group>"; };
		7C1BD7D01D072A0C00F9773A /* M3U8Parser.swift */ = {isa = PBXFileReference; fileEncoding = 4; lastKnownFileType = sourcecode.swift; path = M3U8Parser.swift; sourceTree = "<group>"; };
		7C1EA5A91CF71DFF00905A9F /* AppConstant.swift */ = {isa = PBXFileReference; fileEncoding = 4; lastKnownFileType = sourcecode.swift; path = AppConstant.swift; sourceTree = "<group>"; };
		7C1EA5AC1CF720B000905A9F /* UIColorHelper.swift */ = {isa = PBXFileReference; fileEncoding = 4; lastKnownFileType = sourcecode.swift; path = UIColorHelper.swift; sourceTree = "<group>"; };
		7C1EA5AE1CF7313500905A9F /* RoundedCornersView.swift */ = {isa = PBXFileReference; fileEncoding = 4; lastKnownFileType = sourcecode.swift; path = RoundedCornersView.swift; sourceTree = "<group>"; };
		7C1EA5B11CF740A300905A9F /* SutoNavigationController.swift */ = {isa = PBXFileReference; fileEncoding = 4; lastKnownFileType = sourcecode.swift; path = SutoNavigationController.swift; sourceTree = "<group>"; };
		7C1EA5B31CF84C4D00905A9F /* SutoViewController.swift */ = {isa = PBXFileReference; fileEncoding = 4; lastKnownFileType = sourcecode.swift; path = SutoViewController.swift; sourceTree = "<group>"; };
		7C3D09901CFC60A700FFD47E /* Alamofire.framework */ = {isa = PBXFileReference; lastKnownFileType = wrapper.framework; name = Alamofire.framework; path = "../../../Library/Developer/Xcode/DerivedData/Suto_Stream-bltjhxodwdifkhehuwopobxgubch/Build/Products/Debug-iphoneos/Alamofire/Alamofire.framework"; sourceTree = "<group>"; };
		7C44F0951D0AD9DD00681476 /* SideMenuViewController.swift */ = {isa = PBXFileReference; fileEncoding = 4; lastKnownFileType = sourcecode.swift; path = SideMenuViewController.swift; sourceTree = "<group>"; };
		7C4576A21D144CF500CF9A44 /* SettingCell.swift */ = {isa = PBXFileReference; fileEncoding = 4; lastKnownFileType = sourcecode.swift; path = SettingCell.swift; sourceTree = "<group>"; };
		7C4576A41D18254400CF9A44 /* Oauth2Service.swift */ = {isa = PBXFileReference; fileEncoding = 4; lastKnownFileType = sourcecode.swift; path = Oauth2Service.swift; sourceTree = "<group>"; };
		7C45CAB31CEDFDDD009CE382 /* Suto Stream.app */ = {isa = PBXFileReference; explicitFileType = wrapper.application; includeInIndex = 0; path = "Suto Stream.app"; sourceTree = BUILT_PRODUCTS_DIR; };
		7C45CAB61CEDFDDD009CE382 /* AppDelegate.swift */ = {isa = PBXFileReference; lastKnownFileType = sourcecode.swift; path = AppDelegate.swift; sourceTree = "<group>"; };
		7C45CABB1CEDFDDD009CE382 /* Base */ = {isa = PBXFileReference; lastKnownFileType = file.storyboard; name = Base; path = Base.lproj/Main.storyboard; sourceTree = "<group>"; };
		7C45CABE1CEDFDDD009CE382 /* Suto_Stream.xcdatamodel */ = {isa = PBXFileReference; lastKnownFileType = wrapper.xcdatamodel; path = Suto_Stream.xcdatamodel; sourceTree = "<group>"; };
		7C45CAC01CEDFDDD009CE382 /* Assets.xcassets */ = {isa = PBXFileReference; lastKnownFileType = folder.assetcatalog; path = Assets.xcassets; sourceTree = "<group>"; };
		7C45CAC31CEDFDDD009CE382 /* Base */ = {isa = PBXFileReference; lastKnownFileType = file.storyboard; name = Base; path = Base.lproj/LaunchScreen.storyboard; sourceTree = "<group>"; };
		7C45CAC51CEDFDDD009CE382 /* Info.plist */ = {isa = PBXFileReference; lastKnownFileType = text.plist.xml; path = Info.plist; sourceTree = "<group>"; };
		7C45CACA1CEDFDDE009CE382 /* Suto StreamTests.xctest */ = {isa = PBXFileReference; explicitFileType = wrapper.cfbundle; includeInIndex = 0; path = "Suto StreamTests.xctest"; sourceTree = BUILT_PRODUCTS_DIR; };
		7C45CAD01CEDFDDE009CE382 /* Info.plist */ = {isa = PBXFileReference; lastKnownFileType = text.plist.xml; path = Info.plist; sourceTree = "<group>"; };
		7C45CAD51CEDFDDE009CE382 /* Suto StreamUITests.xctest */ = {isa = PBXFileReference; explicitFileType = wrapper.cfbundle; includeInIndex = 0; path = "Suto StreamUITests.xctest"; sourceTree = BUILT_PRODUCTS_DIR; };
		7C45CAD91CEDFDDE009CE382 /* Suto_StreamUITests.swift */ = {isa = PBXFileReference; lastKnownFileType = sourcecode.swift; path = Suto_StreamUITests.swift; sourceTree = "<group>"; };
		7C45CADB1CEDFDDE009CE382 /* Info.plist */ = {isa = PBXFileReference; lastKnownFileType = text.plist.xml; path = Info.plist; sourceTree = "<group>"; };
		7C45CAE91CEDFFE2009CE382 /* HomeViewModel.swift */ = {isa = PBXFileReference; fileEncoding = 4; lastKnownFileType = sourcecode.swift; path = HomeViewModel.swift; sourceTree = "<group>"; };
		7C4BAED11CEE3A1600548A75 /* Alamofire.framework */ = {isa = PBXFileReference; lastKnownFileType = wrapper.framework; name = Alamofire.framework; path = "../../../Library/Developer/Xcode/DerivedData/Suto_Stream-bltjhxodwdifkhehuwopobxgubch/Build/Products/Debug-iphonesimulator/Alamofire/Alamofire.framework"; sourceTree = "<group>"; };
		7C4BAED21CEE3A1600548A75 /* AlamofireObjectMapper.framework */ = {isa = PBXFileReference; lastKnownFileType = wrapper.framework; name = AlamofireObjectMapper.framework; path = "../../../Library/Developer/Xcode/DerivedData/Suto_Stream-bltjhxodwdifkhehuwopobxgubch/Build/Products/Debug-iphonesimulator/AlamofireObjectMapper/AlamofireObjectMapper.framework"; sourceTree = "<group>"; };
		7C4BAED31CEE3A1600548A75 /* DZNEmptyDataSet.framework */ = {isa = PBXFileReference; lastKnownFileType = wrapper.framework; name = DZNEmptyDataSet.framework; path = "../../../Library/Developer/Xcode/DerivedData/Suto_Stream-bltjhxodwdifkhehuwopobxgubch/Build/Products/Debug-iphonesimulator/DZNEmptyDataSet/DZNEmptyDataSet.framework"; sourceTree = "<group>"; };
		7C4BAED41CEE3A1600548A75 /* Kingfisher.framework */ = {isa = PBXFileReference; lastKnownFileType = wrapper.framework; name = Kingfisher.framework; path = "../../../Library/Developer/Xcode/DerivedData/Suto_Stream-bltjhxodwdifkhehuwopobxgubch/Build/Products/Debug-iphonesimulator/Kingfisher/Kingfisher.framework"; sourceTree = "<group>"; };
		7C4BAED51CEE3A1600548A75 /* ObjectMapper.framework */ = {isa = PBXFileReference; lastKnownFileType = wrapper.framework; name = ObjectMapper.framework; path = "../../../Library/Developer/Xcode/DerivedData/Suto_Stream-bltjhxodwdifkhehuwopobxgubch/Build/Products/Debug-iphonesimulator/ObjectMapper/ObjectMapper.framework"; sourceTree = "<group>"; };
		7C4BAED91CEE3A1600548A75 /* PureLayout.framework */ = {isa = PBXFileReference; lastKnownFileType = wrapper.framework; name = PureLayout.framework; path = "../../../Library/Developer/Xcode/DerivedData/Suto_Stream-bltjhxodwdifkhehuwopobxgubch/Build/Products/Debug-iphonesimulator/PureLayout/PureLayout.framework"; sourceTree = "<group>"; };
		7C4BAEDA1CEE3A1600548A75 /* ReactiveCocoa.framework */ = {isa = PBXFileReference; lastKnownFileType = wrapper.framework; name = ReactiveCocoa.framework; path = "../../../Library/Developer/Xcode/DerivedData/Suto_Stream-bltjhxodwdifkhehuwopobxgubch/Build/Products/Debug-iphonesimulator/ReactiveCocoa/ReactiveCocoa.framework"; sourceTree = "<group>"; };
		7C4BAEDB1CEE3A1600548A75 /* Realm.framework */ = {isa = PBXFileReference; lastKnownFileType = wrapper.framework; name = Realm.framework; path = "../../../Library/Developer/Xcode/DerivedData/Suto_Stream-bltjhxodwdifkhehuwopobxgubch/Build/Products/Debug-iphonesimulator/Realm/Realm.framework"; sourceTree = "<group>"; };
		7C4BAEDC1CEE3A1600548A75 /* RealmSwift.framework */ = {isa = PBXFileReference; lastKnownFileType = wrapper.framework; name = RealmSwift.framework; path = "../../../Library/Developer/Xcode/DerivedData/Suto_Stream-bltjhxodwdifkhehuwopobxgubch/Build/Products/Debug-iphonesimulator/RealmSwift/RealmSwift.framework"; sourceTree = "<group>"; };
		7C4BAEDD1CEE3A1600548A75 /* Result.framework */ = {isa = PBXFileReference; lastKnownFileType = wrapper.framework; name = Result.framework; path = "../../../Library/Developer/Xcode/DerivedData/Suto_Stream-bltjhxodwdifkhehuwopobxgubch/Build/Products/Debug-iphonesimulator/Result/Result.framework"; sourceTree = "<group>"; };
		7C4BAEDE1CEE3A1600548A75 /* RxBlocking.framework */ = {isa = PBXFileReference; lastKnownFileType = wrapper.framework; name = RxBlocking.framework; path = "../../../Library/Developer/Xcode/DerivedData/Suto_Stream-bltjhxodwdifkhehuwopobxgubch/Build/Products/Debug-iphonesimulator/RxBlocking/RxBlocking.framework"; sourceTree = "<group>"; };
		7C4BAEDF1CEE3A1600548A75 /* RxCocoa.framework */ = {isa = PBXFileReference; lastKnownFileType = wrapper.framework; name = RxCocoa.framework; path = "../../../Library/Developer/Xcode/DerivedData/Suto_Stream-bltjhxodwdifkhehuwopobxgubch/Build/Products/Debug-iphonesimulator/RxCocoa/RxCocoa.framework"; sourceTree = "<group>"; };
		7C4BAEE01CEE3A1600548A75 /* RxSwift.framework */ = {isa = PBXFileReference; lastKnownFileType = wrapper.framework; name = RxSwift.framework; path = "../../../Library/Developer/Xcode/DerivedData/Suto_Stream-bltjhxodwdifkhehuwopobxgubch/Build/Products/Debug-iphonesimulator/RxSwift/RxSwift.framework"; sourceTree = "<group>"; };
		7C4BAEE11CEE3A1600548A75 /* SDWebImage.framework */ = {isa = PBXFileReference; lastKnownFileType = wrapper.framework; name = SDWebImage.framework; path = "../../../Library/Developer/Xcode/DerivedData/Suto_Stream-bltjhxodwdifkhehuwopobxgubch/Build/Products/Debug-iphonesimulator/SDWebImage/SDWebImage.framework"; sourceTree = "<group>"; };
		7C4BAEE21CEE3A1600548A75 /* Spring.framework */ = {isa = PBXFileReference; lastKnownFileType = wrapper.framework; name = Spring.framework; path = "../../../Library/Developer/Xcode/DerivedData/Suto_Stream-bltjhxodwdifkhehuwopobxgubch/Build/Products/Debug-iphonesimulator/Spring/Spring.framework"; sourceTree = "<group>"; };
		7C4BAEE31CEE3A1600548A75 /* SugarRecord.framework */ = {isa = PBXFileReference; lastKnownFileType = wrapper.framework; name = SugarRecord.framework; path = "../../../Library/Developer/Xcode/DerivedData/Suto_Stream-bltjhxodwdifkhehuwopobxgubch/Build/Products/Debug-iphonesimulator/SugarRecord/SugarRecord.framework"; sourceTree = "<group>"; };
		7C4BAEE41CEE3A1600548A75 /* SVProgressHUD.framework */ = {isa = PBXFileReference; lastKnownFileType = wrapper.framework; name = SVProgressHUD.framework; path = "../../../Library/Developer/Xcode/DerivedData/Suto_Stream-bltjhxodwdifkhehuwopobxgubch/Build/Products/Debug-iphonesimulator/SVProgressHUD/SVProgressHUD.framework"; sourceTree = "<group>"; };
		7C4BAEE51CEE3A1600548A75 /* SwiftyJSON.framework */ = {isa = PBXFileReference; lastKnownFileType = wrapper.framework; name = SwiftyJSON.framework; path = "../../../Library/Developer/Xcode/DerivedData/Suto_Stream-bltjhxodwdifkhehuwopobxgubch/Build/Products/Debug-iphonesimulator/SwiftyJSON/SwiftyJSON.framework"; sourceTree = "<group>"; };
		7C4BAEE61CEE3A1600548A75 /* Swinject.framework */ = {isa = PBXFileReference; lastKnownFileType = wrapper.framework; name = Swinject.framework; path = "../../../Library/Developer/Xcode/DerivedData/Suto_Stream-bltjhxodwdifkhehuwopobxgubch/Build/Products/Debug-iphonesimulator/Swinject/Swinject.framework"; sourceTree = "<group>"; };
		7C4BAF151CEF010400548A75 /* HomeViewController.swift */ = {isa = PBXFileReference; fileEncoding = 4; lastKnownFileType = sourcecode.swift; path = HomeViewController.swift; sourceTree = "<group>"; };
		7C57EC7E1D08410800AFC2BC /* IM3U8Parser.swift */ = {isa = PBXFileReference; fileEncoding = 4; lastKnownFileType = sourcecode.swift; path = IM3U8Parser.swift; sourceTree = "<group>"; };
		7C57EC801D08443F00AFC2BC /* TwitchStreamInfoService.swift */ = {isa = PBXFileReference; fileEncoding = 4; lastKnownFileType = sourcecode.swift; name = TwitchStreamInfoService.swift; path = ApiClientTemp/TwitchStreamInfoService.swift; sourceTree = "<group>"; };
		7C5C766F1D25797200CFE2AE /* AppSetting.swift */ = {isa = PBXFileReference; fileEncoding = 4; lastKnownFileType = sourcecode.swift; path = AppSetting.swift; sourceTree = "<group>"; };
		7C66F70D1D2141DB00DA87D3 /* SutoPlayerContainer.swift */ = {isa = PBXFileReference; fileEncoding = 4; lastKnownFileType = sourcecode.swift; path = SutoPlayerContainer.swift; sourceTree = "<group>"; };
		7C728DD11D1171B1003B1599 /* UIViewController.swift */ = {isa = PBXFileReference; fileEncoding = 4; lastKnownFileType = sourcecode.swift; path = UIViewController.swift; sourceTree = "<group>"; };
		7C728DD31D1175DF003B1599 /* SideMenuProfile.swift */ = {isa = PBXFileReference; fileEncoding = 4; lastKnownFileType = sourcecode.swift; path = SideMenuProfile.swift; sourceTree = "<group>"; };
		7C728DD61D11880A003B1599 /* HighLightButton.swift */ = {isa = PBXFileReference; fileEncoding = 4; lastKnownFileType = sourcecode.swift; path = HighLightButton.swift; sourceTree = "<group>"; };
		7C728DD91D11892C003B1599 /* PaintCodeIcons.swift */ = {isa = PBXFileReference; fileEncoding = 4; lastKnownFileType = sourcecode.swift; path = PaintCodeIcons.swift; sourceTree = "<group>"; };
		7C728DDA1D11892C003B1599 /* PaintCodeIcons2.swift */ = {isa = PBXFileReference; fileEncoding = 4; lastKnownFileType = sourcecode.swift; path = PaintCodeIcons2.swift; sourceTree = "<group>"; };
		7C728DDB1D11892C003B1599 /* PaintCodeIcon3.swift */ = {isa = PBXFileReference; fileEncoding = 4; lastKnownFileType = sourcecode.swift; path = PaintCodeIcon3.swift; sourceTree = "<group>"; };
		7C728DDC1D11892C003B1599 /* PaintCodeIcon4.swift */ = {isa = PBXFileReference; fileEncoding = 4; lastKnownFileType = sourcecode.swift; path = PaintCodeIcon4.swift; sourceTree = "<group>"; };
		7C728DDD1D11892C003B1599 /* PaintCodeIcon5.swift */ = {isa = PBXFileReference; fileEncoding = 4; lastKnownFileType = sourcecode.swift; path = PaintCodeIcon5.swift; sourceTree = "<group>"; };
		7C728DDE1D11892C003B1599 /* PaintCodeIcon6.swift */ = {isa = PBXFileReference; fileEncoding = 4; lastKnownFileType = sourcecode.swift; path = PaintCodeIcon6.swift; sourceTree = "<group>"; };
		7C728DDF1D11892C003B1599 /* PaintCodeIcons7.swift */ = {isa = PBXFileReference; fileEncoding = 4; lastKnownFileType = sourcecode.swift; path = PaintCodeIcons7.swift; sourceTree = "<group>"; };
		7C728DE01D11892C003B1599 /* PaintCodeIcon8.swift */ = {isa = PBXFileReference; fileEncoding = 4; lastKnownFileType = sourcecode.swift; path = PaintCodeIcon8.swift; sourceTree = "<group>"; };
		7C728DEA1D11923B003B1599 /* SettingViewController.swift */ = {isa = PBXFileReference; fileEncoding = 4; lastKnownFileType = sourcecode.swift; path = SettingViewController.swift; sourceTree = "<group>"; };
		7C728DEC1D11B252003B1599 /* TableFooter.swift */ = {isa = PBXFileReference; fileEncoding = 4; lastKnownFileType = sourcecode.swift; path = TableFooter.swift; sourceTree = "<group>"; };
		7C728DEE1D13FCFE003B1599 /* HidingNavigationBarManagerDelegate.swift */ = {isa = PBXFileReference; fileEncoding = 4; lastKnownFileType = sourcecode.swift; path = HidingNavigationBarManagerDelegate.swift; sourceTree = "<group>"; };
		7C728DF01D13FD27003B1599 /* HidingViewController.swift */ = {isa = PBXFileReference; fileEncoding = 4; lastKnownFileType = sourcecode.swift; path = HidingViewController.swift; sourceTree = "<group>"; };
		7C728DF31D141DF0003B1599 /* Suto Stream-Bridging-Header.h */ = {isa = PBXFileReference; lastKnownFileType = sourcecode.c.h; path = "Suto Stream-Bridging-Header.h"; sourceTree = "<group>"; };
		7C728DF41D141DF3003B1599 /* SWRevealViewController.h */ = {isa = PBXFileReference; fileEncoding = 4; lastKnownFileType = sourcecode.c.h; path = SWRevealViewController.h; sourceTree = "<group>"; };
		7C728DF51D141DF3003B1599 /* SWRevealViewController.m */ = {isa = PBXFileReference; fileEncoding = 4; lastKnownFileType = sourcecode.c.objc; path = SWRevealViewController.m; sourceTree = "<group>"; };
		7C728DF71D142DB5003B1599 /* StreamListViewModeling.swift */ = {isa = PBXFileReference; fileEncoding = 4; lastKnownFileType = sourcecode.swift; path = StreamListViewModeling.swift; sourceTree = "<group>"; };
		7C728DF91D144009003B1599 /* ChatEnableCell.swift */ = {isa = PBXFileReference; fileEncoding = 4; lastKnownFileType = sourcecode.swift; path = ChatEnableCell.swift; sourceTree = "<group>"; };
		7C728DFB1D14401F003B1599 /* VideoQualityCell.swift */ = {isa = PBXFileReference; fileEncoding = 4; lastKnownFileType = sourcecode.swift; path = VideoQualityCell.swift; sourceTree = "<group>"; };
		7C728DFD1D14406C003B1599 /* NotificationCell.swift */ = {isa = PBXFileReference; fileEncoding = 4; lastKnownFileType = sourcecode.swift; path = NotificationCell.swift; sourceTree = "<group>"; };
		7C7BD8361D0044A100F6701A /* IntroTwoViewController.swift */ = {isa = PBXFileReference; fileEncoding = 4; lastKnownFileType = sourcecode.swift; path = IntroTwoViewController.swift; sourceTree = "<group>"; };
		7C7BD8381D0044AD00F6701A /* IntroThreeViewController.swift */ = {isa = PBXFileReference; fileEncoding = 4; lastKnownFileType = sourcecode.swift; path = IntroThreeViewController.swift; sourceTree = "<group>"; };
		7C7BD83A1D0056A000F6701A /* StreamListViewModel.swift */ = {isa = PBXFileReference; fileEncoding = 4; lastKnownFileType = sourcecode.swift; path = StreamListViewModel.swift; sourceTree = "<group>"; };
		7C7BD83C1D005A4100F6701A /* TwitchStreamResult.swift */ = {isa = PBXFileReference; fileEncoding = 4; lastKnownFileType = sourcecode.swift; path = TwitchStreamResult.swift; sourceTree = "<group>"; };
		7C7BD83E1D005A8E00F6701A /* TwitchStream.swift */ = {isa = PBXFileReference; fileEncoding = 4; lastKnownFileType = sourcecode.swift; path = TwitchStream.swift; sourceTree = "<group>"; };
		7C7BD8401D005B3000F6701A /* TwitchStreamPreview.swift */ = {isa = PBXFileReference; fileEncoding = 4; lastKnownFileType = sourcecode.swift; name = TwitchStreamPreview.swift; path = ApiClientTemp/TwitchStreamPreview.swift; sourceTree = "<group>"; };
		7C7BD8421D005FE200F6701A /* PlayerViewController.swift */ = {isa = PBXFileReference; fileEncoding = 4; lastKnownFileType = sourcecode.swift; path = PlayerViewController.swift; sourceTree = "<group>"; };
		7C7BD8441D00648800F6701A /* PlayerViewModel.swift */ = {isa = PBXFileReference; fileEncoding = 4; lastKnownFileType = sourcecode.swift; path = PlayerViewModel.swift; sourceTree = "<group>"; };
		7C7BD8471D0067D700F6701A /* StreamCell.swift */ = {isa = PBXFileReference; fileEncoding = 4; lastKnownFileType = sourcecode.swift; path = StreamCell.swift; sourceTree = "<group>"; };
		7C7BD8491D006B4B00F6701A /* StreamCellViewModel.swift */ = {isa = PBXFileReference; fileEncoding = 4; lastKnownFileType = sourcecode.swift; path = StreamCellViewModel.swift; sourceTree = "<group>"; };
		7C7BD84B1D006E7200F6701A /* BaseViewModel.swift */ = {isa = PBXFileReference; fileEncoding = 4; lastKnownFileType = sourcecode.swift; path = BaseViewModel.swift; sourceTree = "<group>"; };
		7C7BD8501D00752A00F6701A /* TwitchStreamService.swift */ = {isa = PBXFileReference; fileEncoding = 4; lastKnownFileType = sourcecode.swift; name = TwitchStreamService.swift; path = ApiClientTemp/TwitchStreamService.swift; sourceTree = "<group>"; };
		7C7BD8531D007FAE00F6701A /* Dictionary.swift */ = {isa = PBXFileReference; fileEncoding = 4; lastKnownFileType = sourcecode.swift; path = Dictionary.swift; sourceTree = "<group>"; };
		7C7BD8561D0199B000F6701A /* SettingService.swift */ = {isa = PBXFileReference; fileEncoding = 4; lastKnownFileType = sourcecode.swift; path = SettingService.swift; sourceTree = "<group>"; };
		7C7BD8581D019E5F00F6701A /* SettingAdapter.swift */ = {isa = PBXFileReference; fileEncoding = 4; lastKnownFileType = sourcecode.swift; path = SettingAdapter.swift; sourceTree = "<group>"; };
		7C7BD85B1D01AECF00F6701A /* String.swift */ = {isa = PBXFileReference; fileEncoding = 4; lastKnownFileType = sourcecode.swift; path = String.swift; sourceTree = "<group>"; };
		7C83297F1D266B2000CED836 /* UIImageView.swift */ = {isa = PBXFileReference; fileEncoding = 4; lastKnownFileType = sourcecode.swift; path = UIImageView.swift; sourceTree = "<group>"; };
		7CA1AEF61CFC48210076551D /* IntroViewController.swift */ = {isa = PBXFileReference; fileEncoding = 4; lastKnownFileType = sourcecode.swift; path = IntroViewController.swift; sourceTree = "<group>"; };
		7CA6E4BC1CEE05CE00F61144 /* HomeViewModeling.swift */ = {isa = PBXFileReference; fileEncoding = 4; lastKnownFileType = sourcecode.swift; path = HomeViewModeling.swift; sourceTree = "<group>"; };
		7CA6E4BE1CEE087E00F61144 /* serviceLocate.swift */ = {isa = PBXFileReference; fileEncoding = 4; lastKnownFileType = sourcecode.swift; path = serviceLocate.swift; sourceTree = "<group>"; };
		7CA6E4C51CEE0D3700F61144 /* Pods_Suto_Stream.framework */ = {isa = PBXFileReference; lastKnownFileType = wrapper.framework; name = Pods_Suto_Stream.framework; path = "../../../Library/Developer/Xcode/DerivedData/Suto_Stream-bltjhxodwdifkhehuwopobxgubch/Build/Products/Debug-iphonesimulator/Pods_Suto_Stream.framework"; sourceTree = "<group>"; };
		7CAC95D01D0B0C86000E8808 /* SideMenuProfileCell.swift */ = {isa = PBXFileReference; fileEncoding = 4; lastKnownFileType = sourcecode.swift; path = SideMenuProfileCell.swift; sourceTree = "<group>"; };
		7CB6D54E1D01D5A6002CDA8D /* DefaultImage.swift */ = {isa = PBXFileReference; fileEncoding = 4; lastKnownFileType = sourcecode.swift; path = DefaultImage.swift; sourceTree = "<group>"; };
		7CD6A21E1D2BED820080ABE4 /* TwitchUserModeling.swift */ = {isa = PBXFileReference; fileEncoding = 4; lastKnownFileType = sourcecode.swift; path = TwitchUserModeling.swift; sourceTree = "<group>"; };
		7CD6A2201D2BEDBF0080ABE4 /* TwitchUserModel.swift */ = {isa = PBXFileReference; fileEncoding = 4; lastKnownFileType = sourcecode.swift; path = TwitchUserModel.swift; sourceTree = "<group>"; };
		7CD6A2221D2CFCE00080ABE4 /* SutoSearchViewController.swift */ = {isa = PBXFileReference; fileEncoding = 4; lastKnownFileType = sourcecode.swift; path = SutoSearchViewController.swift; sourceTree = "<group>"; };
		7CD6A2241D2FD9F20080ABE4 /* TopStreamListController.swift */ = {isa = PBXFileReference; fileEncoding = 4; lastKnownFileType = sourcecode.swift; path = TopStreamListController.swift; sourceTree = "<group>"; };
		7CE8BF651D002F6A006E631A /* IntroOneViewController.swift */ = {isa = PBXFileReference; fileEncoding = 4; lastKnownFileType = sourcecode.swift; path = IntroOneViewController.swift; sourceTree = "<group>"; };
		7CE8EC1A1CEF3EDC00471A46 /* AppDelegateSpec.swift */ = {isa = PBXFileReference; fileEncoding = 4; lastKnownFileType = sourcecode.swift; path = AppDelegateSpec.swift; sourceTree = "<group>"; };
		7CE8EC1F1CEF4D5D00471A46 /* Base */ = {isa = PBXFileReference; lastKnownFileType = text.plist.strings; name = Base; path = Base.lproj/Localizable.strings; sourceTree = "<group>"; };
		7CE8EC211CEF4D6300471A46 /* en */ = {isa = PBXFileReference; lastKnownFileType = text.plist.strings; name = en; path = en.lproj/Localizable.strings; sourceTree = "<group>"; };
		7CE8EC221CEF4D9E00471A46 /* LocalizedString.swift */ = {isa = PBXFileReference; fileEncoding = 4; lastKnownFileType = sourcecode.swift; path = LocalizedString.swift; sourceTree = "<group>"; };
		7CE8EC241CEF56A900471A46 /* TwitchGameCell.swift */ = {isa = PBXFileReference; fileEncoding = 4; lastKnownFileType = sourcecode.swift; path = TwitchGameCell.swift; sourceTree = "<group>"; };
		7CE8EC261CEF57CA00471A46 /* TwitchGameCellModeling.swift */ = {isa = PBXFileReference; fileEncoding = 4; lastKnownFileType = sourcecode.swift; path = TwitchGameCellModeling.swift; sourceTree = "<group>"; };
		7CE8EC281CEF57D700471A46 /* TwitchGameCellViewModel.swift */ = {isa = PBXFileReference; fileEncoding = 4; lastKnownFileType = sourcecode.swift; path = TwitchGameCellViewModel.swift; sourceTree = "<group>"; };
		7CF840631D2685950027210C /* CellAnimationHelper.swift */ = {isa = PBXFileReference; fileEncoding = 4; lastKnownFileType = sourcecode.swift; path = CellAnimationHelper.swift; sourceTree = "<group>"; };
		7CF840651D26A1B40027210C /* TwitchUser.swift */ = {isa = PBXFileReference; fileEncoding = 4; lastKnownFileType = sourcecode.swift; path = TwitchUser.swift; sourceTree = "<group>"; };
		7CF840671D2A69DD0027210C /* RACUtil.swift */ = {isa = PBXFileReference; fileEncoding = 4; lastKnownFileType = sourcecode.swift; path = RACUtil.swift; sourceTree = "<group>"; };
		7FC9648FEF6883EE596B0AA4 /* Pods_Suto_Stream.framework */ = {isa = PBXFileReference; explicitFileType = wrapper.framework; includeInIndex = 0; path = Pods_Suto_Stream.framework; sourceTree = BUILT_PRODUCTS_DIR; };
		A32AE8165EB1C2907A27712C /* Pods-Suto StreamUITests.debug.xcconfig */ = {isa = PBXFileReference; includeInIndex = 1; lastKnownFileType = text.xcconfig; name = "Pods-Suto StreamUITests.debug.xcconfig"; path = "Pods/Target Support Files/Pods-Suto StreamUITests/Pods-Suto StreamUITests.debug.xcconfig"; sourceTree = "<group>"; };
		BAB8C07721000D63DCD6E0A5 /* SearchViewModel.swift */ = {isa = PBXFileReference; fileEncoding = 4; lastKnownFileType = sourcecode.swift; path = SearchViewModel.swift; sourceTree = "<group>"; };
		BAB8CE34B55DED08BE9A87F0 /* SearchViewController.swift */ = {isa = PBXFileReference; fileEncoding = 4; lastKnownFileType = sourcecode.swift; path = SearchViewController.swift; sourceTree = "<group>"; };
		D34DF1B27B82FC833DBC9940 /* Pods_Suto_StreamUITests.framework */ = {isa = PBXFileReference; explicitFileType = wrapper.framework; includeInIndex = 0; path = Pods_Suto_StreamUITests.framework; sourceTree = BUILT_PRODUCTS_DIR; };
		D8FC0F1646F2576F8EECFB39 /* Pods-Suto StreamTests.release.xcconfig */ = {isa = PBXFileReference; includeInIndex = 1; lastKnownFileType = text.xcconfig; name = "Pods-Suto StreamTests.release.xcconfig"; path = "Pods/Target Support Files/Pods-Suto StreamTests/Pods-Suto StreamTests.release.xcconfig"; sourceTree = "<group>"; };
		EE09DF23BF1FE9B592426245 /* Pods-Suto Stream.release.xcconfig */ = {isa = PBXFileReference; includeInIndex = 1; lastKnownFileType = text.xcconfig; name = "Pods-Suto Stream.release.xcconfig"; path = "Pods/Target Support Files/Pods-Suto Stream/Pods-Suto Stream.release.xcconfig"; sourceTree = "<group>"; };
/* End PBXFileReference section */

/* Begin PBXFrameworksBuildPhase section */
		7C45CAB01CEDFDDD009CE382 /* Frameworks */ = {
			isa = PBXFrameworksBuildPhase;
			buildActionMask = 2147483647;
			files = (
				7CEAA8AC1D211F2700E442F6 /* Pods_Suto_Stream.framework in Frameworks */,
			);
			runOnlyForDeploymentPostprocessing = 0;
		};
		7C45CAC71CEDFDDE009CE382 /* Frameworks */ = {
			isa = PBXFrameworksBuildPhase;
			buildActionMask = 2147483647;
			files = (
				49861AEF30E92900DC615173 /* Pods_Suto_StreamTests.framework in Frameworks */,
			);
			runOnlyForDeploymentPostprocessing = 0;
		};
		7C45CAD21CEDFDDE009CE382 /* Frameworks */ = {
			isa = PBXFrameworksBuildPhase;
			buildActionMask = 2147483647;
			files = (
				8C08B5E5383E200869EB9A4E /* Pods_Suto_StreamUITests.framework in Frameworks */,
			);
			runOnlyForDeploymentPostprocessing = 0;
		};
/* End PBXFrameworksBuildPhase section */

/* Begin PBXGroup section */
		016C67816555DD4D7479A046 /* Pods */ = {
			isa = PBXGroup;
			children = (
				26CA58B430E33CAD9B517666 /* Pods-Suto Stream.debug.xcconfig */,
				EE09DF23BF1FE9B592426245 /* Pods-Suto Stream.release.xcconfig */,
				0E539A4C433B7B875CC757AC /* Pods-Suto StreamTests.debug.xcconfig */,
				D8FC0F1646F2576F8EECFB39 /* Pods-Suto StreamTests.release.xcconfig */,
				A32AE8165EB1C2907A27712C /* Pods-Suto StreamUITests.debug.xcconfig */,
				61B5FAFD05A4D3633EF1D045 /* Pods-Suto StreamUITests.release.xcconfig */,
			);
			name = Pods;
			sourceTree = "<group>";
		};
		7C0406E31CF2FFF8008D3D77 /* Protocols */ = {
			isa = PBXGroup;
			children = (
			);
			name = Protocols;
			sourceTree = "<group>";
		};
		7C0E1A1A1CFC78C30060DA4F /* ApiClient */ = {
			isa = PBXGroup;
			children = (
				7C7BD8521D007F9F00F6701A /* Helpers */,
				7C7BD84F1D0074F300F6701A /* Protocols */,
				7C7BD84E1D0074D700F6701A /* Models */,
				7C7BD84D1D0074AF00F6701A /* Services */,
				7C0E1A1C1CFC78D80060DA4F /* Deal.swift */,
				7C0E1A1D1CFC78D80060DA4F /* DealSection.swift */,
				7C0E1A1E1CFC78D80060DA4F /* Dish.swift */,
				7C0E1A231CFC78D80060DA4F /* JsonInitable.swift */,
				7C0E1A251CFC78D80060DA4F /* NetworkError.swift */,
				7C0E1A261CFC78D80060DA4F /* SwiftyConverter.swift */,
			);
			name = ApiClient;
			sourceTree = "<group>";
		};
		7C1EA5AB1CF720A500905A9F /* Helpers */ = {
			isa = PBXGroup;
			children = (
				7C1EA5AC1CF720B000905A9F /* UIColorHelper.swift */,
				7CB6D54E1D01D5A6002CDA8D /* DefaultImage.swift */,
				7C728DD11D1171B1003B1599 /* UIViewController.swift */,
				7C83297F1D266B2000CED836 /* UIImageView.swift */,
				7CF840631D2685950027210C /* CellAnimationHelper.swift */,
				7CF840671D2A69DD0027210C /* RACUtil.swift */,
			);
			name = Helpers;
			sourceTree = "<group>";
		};
		7C1EA5B01CF7314200905A9F /* Common */ = {
			isa = PBXGroup;
			children = (
				7C0407771CF5ED95008D3D77 /* SutoTabBarController.swift */,
				7C1EA5B11CF740A300905A9F /* SutoNavigationController.swift */,
				7C1EA5AE1CF7313500905A9F /* RoundedCornersView.swift */,
				7C1EA5B31CF84C4D00905A9F /* SutoViewController.swift */,
				7C728DEC1D11B252003B1599 /* TableFooter.swift */,
				7C66F70D1D2141DB00DA87D3 /* SutoPlayerContainer.swift */,
			);
			name = Common;
			sourceTree = "<group>";
		};
		7C44F0941D0AD9C000681476 /* SideMenu */ = {
			isa = PBXGroup;
			children = (
				7C44F0951D0AD9DD00681476 /* SideMenuViewController.swift */,
				7CAC95D01D0B0C86000E8808 /* SideMenuProfileCell.swift */,
				7C728DD31D1175DF003B1599 /* SideMenuProfile.swift */,
			);
			name = SideMenu;
			sourceTree = "<group>";
		};
		7C45CAAA1CEDFDDD009CE382 = {
			isa = PBXGroup;
			children = (
				7C728DD81D118913003B1599 /* PaintCode */,
				7C728DD51D1187EA003B1599 /* Controls */,
				7C7BD8551D01999F00F6701A /* CommontServices */,
				7C0E1A1A1CFC78C30060DA4F /* ApiClient */,
				7C1EA5AB1CF720A500905A9F /* Helpers */,
				7C0406E31CF2FFF8008D3D77 /* Protocols */,
				7C45CAE81CEDFFD4009CE382 /* ViewModel */,
				7C45CAE71CEDFFCD009CE382 /* View */,
				7C45CAB51CEDFDDD009CE382 /* Suto Stream */,
				7C45CACD1CEDFDDE009CE382 /* Suto StreamTests */,
				7C45CAD81CEDFDDE009CE382 /* Suto StreamUITests */,
				7C45CAB41CEDFDDD009CE382 /* Products */,
				016C67816555DD4D7479A046 /* Pods */,
				C2AB3C49EC4C186FA6445CA8 /* Frameworks */,
			);
			sourceTree = "<group>";
		};
		7C45CAB41CEDFDDD009CE382 /* Products */ = {
			isa = PBXGroup;
			children = (
				7C45CAB31CEDFDDD009CE382 /* Suto Stream.app */,
				7C45CACA1CEDFDDE009CE382 /* Suto StreamTests.xctest */,
				7C45CAD51CEDFDDE009CE382 /* Suto StreamUITests.xctest */,
			);
			name = Products;
			sourceTree = "<group>";
		};
		7C45CAB51CEDFDDD009CE382 /* Suto Stream */ = {
			isa = PBXGroup;
			children = (
				7C45CAB61CEDFDDD009CE382 /* AppDelegate.swift */,
				7C1EA5A91CF71DFF00905A9F /* AppConstant.swift */,
				7C7BD8581D019E5F00F6701A /* SettingAdapter.swift */,
				7CA6E4BE1CEE087E00F61144 /* serviceLocate.swift */,
				7C45CABA1CEDFDDD009CE382 /* Main.storyboard */,
				7C45CAC01CEDFDDD009CE382 /* Assets.xcassets */,
				7C45CAC21CEDFDDD009CE382 /* LaunchScreen.storyboard */,
				7C45CAC51CEDFDDD009CE382 /* Info.plist */,
				7C45CABD1CEDFDDD009CE382 /* Suto_Stream.xcdatamodeld */,
				7CE8EC221CEF4D9E00471A46 /* LocalizedString.swift */,
				7CE8EC201CEF4D5D00471A46 /* Localizable.strings */,
			);
			path = "Suto Stream";
			sourceTree = "<group>";
		};
		7C45CACD1CEDFDDE009CE382 /* Suto StreamTests */ = {
			isa = PBXGroup;
			children = (
				7C0C03651D05CD650033BCED /* test.m3u8 */,
				7C45CAD01CEDFDDE009CE382 /* Info.plist */,
				7CE8EC1A1CEF3EDC00471A46 /* AppDelegateSpec.swift */,
			);
			path = "Suto StreamTests";
			sourceTree = "<group>";
		};
		7C45CAD81CEDFDDE009CE382 /* Suto StreamUITests */ = {
			isa = PBXGroup;
			children = (
				7C45CAD91CEDFDDE009CE382 /* Suto_StreamUITests.swift */,
				7C45CADB1CEDFDDE009CE382 /* Info.plist */,
			);
			path = "Suto StreamUITests";
			sourceTree = "<group>";
		};
		7C45CAE71CEDFFCD009CE382 /* View */ = {
			isa = PBXGroup;
			children = (
				7C728DE91D11922F003B1599 /* Setting */,
				7C44F0941D0AD9C000681476 /* SideMenu */,
				7C7BD8461D0067A400F6701A /* Cells */,
				7CA1AEF51CFC47FB0076551D /* Intro */,
				7C1EA5B01CF7314200905A9F /* Common */,
				7C4BAF151CEF010400548A75 /* HomeViewController.swift */,
				7C0406F91CF59A61008D3D77 /* HomeCollectionViewController.swift */,
				7C0406F21CF46CBF008D3D77 /* StreamListController.swift */,
				7CD6A2241D2FD9F20080ABE4 /* TopStreamListController.swift */,
				7C7BD8421D005FE200F6701A /* PlayerViewController.swift */,
				BAB8CE34B55DED08BE9A87F0 /* SearchViewController.swift */,
			);
			name = View;
			sourceTree = "<group>";
		};
		7C45CAE81CEDFFD4009CE382 /* ViewModel */ = {
			isa = PBXGroup;
			children = (
				7CD6A21D1D2BED740080ABE4 /* Cell */,
				7C45CAE91CEDFFE2009CE382 /* HomeViewModel.swift */,
				7CA6E4BC1CEE05CE00F61144 /* HomeViewModeling.swift */,
				7CE8EC281CEF57D700471A46 /* TwitchGameCellViewModel.swift */,
				7CE8EC261CEF57CA00471A46 /* TwitchGameCellModeling.swift */,
				7C7BD83A1D0056A000F6701A /* StreamListViewModel.swift */,
				7C7BD8491D006B4B00F6701A /* StreamCellViewModel.swift */,
				7C7BD8441D00648800F6701A /* PlayerViewModel.swift */,
				7C7BD84B1D006E7200F6701A /* BaseViewModel.swift */,
				7C728DF71D142DB5003B1599 /* StreamListViewModeling.swift */,
				BAB8C07721000D63DCD6E0A5 /* SearchViewModel.swift */,
			);
			name = ViewModel;
			sourceTree = "<group>";
		};
		7C728DD51D1187EA003B1599 /* Controls */ = {
			isa = PBXGroup;
			children = (
				7C728DF21D141B00003B1599 /* SWRevealViewController */,
				7C728DD61D11880A003B1599 /* HighLightButton.swift */,
				7C728DEE1D13FCFE003B1599 /* HidingNavigationBarManagerDelegate.swift */,
				7C728DF01D13FD27003B1599 /* HidingViewController.swift */,
				7CD6A2221D2CFCE00080ABE4 /* SutoSearchViewController.swift */,
			);
			name = Controls;
			sourceTree = "<group>";
		};
		7C728DD81D118913003B1599 /* PaintCode */ = {
			isa = PBXGroup;
			children = (
				7C728DD91D11892C003B1599 /* PaintCodeIcons.swift */,
				7C728DDA1D11892C003B1599 /* PaintCodeIcons2.swift */,
				7C728DDB1D11892C003B1599 /* PaintCodeIcon3.swift */,
				7C728DDC1D11892C003B1599 /* PaintCodeIcon4.swift */,
				7C728DDD1D11892C003B1599 /* PaintCodeIcon5.swift */,
				7C728DDE1D11892C003B1599 /* PaintCodeIcon6.swift */,
				7C728DDF1D11892C003B1599 /* PaintCodeIcons7.swift */,
				7C728DE01D11892C003B1599 /* PaintCodeIcon8.swift */,
			);
			name = PaintCode;
			sourceTree = "<group>";
		};
		7C728DE91D11922F003B1599 /* Setting */ = {
			isa = PBXGroup;
			children = (
				7C728DEA1D11923B003B1599 /* SettingViewController.swift */,
				7C728DF91D144009003B1599 /* ChatEnableCell.swift */,
				7C728DFB1D14401F003B1599 /* VideoQualityCell.swift */,
				7C728DFD1D14406C003B1599 /* NotificationCell.swift */,
				7C4576A21D144CF500CF9A44 /* SettingCell.swift */,
			);
			name = Setting;
			sourceTree = "<group>";
		};
		7C728DF21D141B00003B1599 /* SWRevealViewController */ = {
			isa = PBXGroup;
			children = (
				7C728DF41D141DF3003B1599 /* SWRevealViewController.h */,
				7C728DF51D141DF3003B1599 /* SWRevealViewController.m */,
				7C728DF31D141DF0003B1599 /* Suto Stream-Bridging-Header.h */,
			);
			name = SWRevealViewController;
			sourceTree = "<group>";
		};
		7C7BD8461D0067A400F6701A /* Cells */ = {
			isa = PBXGroup;
			children = (
				7C7BD8471D0067D700F6701A /* StreamCell.swift */,
				7CE8EC241CEF56A900471A46 /* TwitchGameCell.swift */,
				7C0406FB1CF5A498008D3D77 /* TwitchGameCollectionCell.swift */,
			);
			name = Cells;
			sourceTree = "<group>";
		};
		7C7BD84D1D0074AF00F6701A /* Services */ = {
			isa = PBXGroup;
			children = (
				7C0E1A321CFC78D80060DA4F /* WebService.swift */,
				7C0E1A1B1CFC78D80060DA4F /* DataSource.swift */,
				7C0E1A271CFC78D80060DA4F /* TestTwitch.swift */,
				7C0E1A311CFC78D80060DA4F /* TwitchTopGameService.swift */,
				7C7BD8501D00752A00F6701A /* TwitchStreamService.swift */,
				7C57EC801D08443F00AFC2BC /* TwitchStreamInfoService.swift */,
				7C1BD7D01D072A0C00F9773A /* M3U8Parser.swift */,
				7C4576A41D18254400CF9A44 /* Oauth2Service.swift */,
			);
			name = Services;
			sourceTree = "<group>";
		};
		7C7BD84E1D0074D700F6701A /* Models */ = {
			isa = PBXGroup;
			children = (
				7CF840651D26A1B40027210C /* TwitchUser.swift */,
				7C0E1A281CFC78D80060DA4F /* TwitchChannel.swift */,
				7C0E1A291CFC78D80060DA4F /* TwitchEndpoint.swift */,
				7C0E1A2A1CFC78D80060DA4F /* TwitchEndpointResult.swift */,
				7C0E1A2B1CFC78D80060DA4F /* TwitchGame.swift */,
				7C0E1A2C1CFC78D80060DA4F /* TwitchGameBox.swift */,
				7C0E1A2D1CFC78D80060DA4F /* TwitchGameLogo.swift */,
				7C7BD8401D005B3000F6701A /* TwitchStreamPreview.swift */,
				7C0E1A2E1CFC78D80060DA4F /* TwitchLink.swift */,
				7C0E1A2F1CFC78D80060DA4F /* TwitchTopGame.swift */,
				7C0E1A301CFC78D80060DA4F /* TwitchTopGameResult.swift */,
				7C7BD83C1D005A4100F6701A /* TwitchStreamResult.swift */,
				7C7BD83E1D005A8E00F6701A /* TwitchStream.swift */,
				7C0C03611D05C7EF0033BCED /* TwitchChannelAccess.swift */,
				7C0C03631D05C9070033BCED /* TwitchStreamInfo.swift */,
				7C5C766F1D25797200CFE2AE /* AppSetting.swift */,
			);
			name = Models;
			sourceTree = "<group>";
		};
		7C7BD84F1D0074F300F6701A /* Protocols */ = {
			isa = PBXGroup;
			children = (
				7C0E1A1F1CFC78D80060DA4F /* IDataSource.swift */,
				7C0E1A201CFC78D80060DA4F /* IJsonConverter.swift */,
				7C0E1A211CFC78D80060DA4F /* INextProvider.swift */,
				7C0E1A221CFC78D80060DA4F /* IWebService.swift */,
				7C57EC7E1D08410800AFC2BC /* IM3U8Parser.swift */,
			);
			name = Protocols;
			sourceTree = "<group>";
		};
		7C7BD8521D007F9F00F6701A /* Helpers */ = {
			isa = PBXGroup;
			children = (
				7C7BD8531D007FAE00F6701A /* Dictionary.swift */,
				7C7BD85B1D01AECF00F6701A /* String.swift */,
			);
			name = Helpers;
			sourceTree = "<group>";
		};
		7C7BD8551D01999F00F6701A /* CommontServices */ = {
			isa = PBXGroup;
			children = (
				7C7BD8561D0199B000F6701A /* SettingService.swift */,
			);
			name = CommontServices;
			sourceTree = "<group>";
		};
		7CA1AEF51CFC47FB0076551D /* Intro */ = {
			isa = PBXGroup;
			children = (
				7CA1AEF61CFC48210076551D /* IntroViewController.swift */,
				7CE8BF651D002F6A006E631A /* IntroOneViewController.swift */,
				7C7BD8361D0044A100F6701A /* IntroTwoViewController.swift */,
				7C7BD8381D0044AD00F6701A /* IntroThreeViewController.swift */,
			);
			name = Intro;
			sourceTree = "<group>";
		};
		7CD6A21D1D2BED740080ABE4 /* Cell */ = {
			isa = PBXGroup;
			children = (
				7CD6A21E1D2BED820080ABE4 /* TwitchUserModeling.swift */,
				7CD6A2201D2BEDBF0080ABE4 /* TwitchUserModel.swift */,
			);
			name = Cell;
			sourceTree = "<group>";
		};
		C2AB3C49EC4C186FA6445CA8 /* Frameworks */ = {
			isa = PBXGroup;
			children = (
				7C3D09901CFC60A700FFD47E /* Alamofire.framework */,
				7C4BAED11CEE3A1600548A75 /* Alamofire.framework */,
				7C4BAED21CEE3A1600548A75 /* AlamofireObjectMapper.framework */,
				7C4BAED31CEE3A1600548A75 /* DZNEmptyDataSet.framework */,
				7C4BAED41CEE3A1600548A75 /* Kingfisher.framework */,
				7C4BAED51CEE3A1600548A75 /* ObjectMapper.framework */,
				7C4BAED91CEE3A1600548A75 /* PureLayout.framework */,
				7C4BAEDA1CEE3A1600548A75 /* ReactiveCocoa.framework */,
				7C4BAEDB1CEE3A1600548A75 /* Realm.framework */,
				7C4BAEDC1CEE3A1600548A75 /* RealmSwift.framework */,
				7C4BAEDD1CEE3A1600548A75 /* Result.framework */,
				7C4BAEDE1CEE3A1600548A75 /* RxBlocking.framework */,
				7C4BAEDF1CEE3A1600548A75 /* RxCocoa.framework */,
				7C4BAEE01CEE3A1600548A75 /* RxSwift.framework */,
				7C4BAEE11CEE3A1600548A75 /* SDWebImage.framework */,
				7C4BAEE21CEE3A1600548A75 /* Spring.framework */,
				7C4BAEE31CEE3A1600548A75 /* SugarRecord.framework */,
				7C4BAEE41CEE3A1600548A75 /* SVProgressHUD.framework */,
				7C4BAEE51CEE3A1600548A75 /* SwiftyJSON.framework */,
				7C4BAEE61CEE3A1600548A75 /* Swinject.framework */,
				7CA6E4C51CEE0D3700F61144 /* Pods_Suto_Stream.framework */,
				7FC9648FEF6883EE596B0AA4 /* Pods_Suto_Stream.framework */,
				231CD08B1701A8F0961FCB57 /* Pods_Suto_StreamTests.framework */,
				D34DF1B27B82FC833DBC9940 /* Pods_Suto_StreamUITests.framework */,
			);
			name = Frameworks;
			sourceTree = "<group>";
		};
/* End PBXGroup section */

/* Begin PBXNativeTarget section */
		7C45CAB21CEDFDDD009CE382 /* Suto Stream */ = {
			isa = PBXNativeTarget;
			buildConfigurationList = 7C45CADE1CEDFDDE009CE382 /* Build configuration list for PBXNativeTarget "Suto Stream" */;
			buildPhases = (
				5D4EE37F0F2419C10E994677 /* 📦 Check Pods Manifest.lock */,
				7C45CAB01CEDFDDD009CE382 /* Frameworks */,
				7C45CAAF1CEDFDDD009CE382 /* Sources */,
				7C45CAB11CEDFDDD009CE382 /* Resources */,
				D4CA0CA380A1BB0A0AF8D3AF /* 📦 Embed Pods Frameworks */,
				D61083C7A05CA8622BC47E88 /* 📦 Copy Pods Resources */,
			);
			buildRules = (
			);
			dependencies = (
			);
			name = "Suto Stream";
			productName = "Suto Stream";
			productReference = 7C45CAB31CEDFDDD009CE382 /* Suto Stream.app */;
			productType = "com.apple.product-type.application";
		};
		7C45CAC91CEDFDDE009CE382 /* Suto StreamTests */ = {
			isa = PBXNativeTarget;
			buildConfigurationList = 7C45CAE11CEDFDDE009CE382 /* Build configuration list for PBXNativeTarget "Suto StreamTests" */;
			buildPhases = (
				9C36BCAF1CBA8448D500600E /* 📦 Check Pods Manifest.lock */,
				7C45CAC61CEDFDDE009CE382 /* Sources */,
				7C45CAC71CEDFDDE009CE382 /* Frameworks */,
				7C45CAC81CEDFDDE009CE382 /* Resources */,
				D480861BF65E45ABE55260E6 /* 📦 Embed Pods Frameworks */,
				62B42F43907E69C221D2A0A2 /* 📦 Copy Pods Resources */,
			);
			buildRules = (
			);
			dependencies = (
				7C45CACC1CEDFDDE009CE382 /* PBXTargetDependency */,
			);
			name = "Suto StreamTests";
			productName = "Suto StreamTests";
			productReference = 7C45CACA1CEDFDDE009CE382 /* Suto StreamTests.xctest */;
			productType = "com.apple.product-type.bundle.unit-test";
		};
		7C45CAD41CEDFDDE009CE382 /* Suto StreamUITests */ = {
			isa = PBXNativeTarget;
			buildConfigurationList = 7C45CAE41CEDFDDE009CE382 /* Build configuration list for PBXNativeTarget "Suto StreamUITests" */;
			buildPhases = (
				089DDCBEA80F743EE2E703BC /* 📦 Check Pods Manifest.lock */,
				7C45CAD11CEDFDDE009CE382 /* Sources */,
				7C45CAD21CEDFDDE009CE382 /* Frameworks */,
				7C45CAD31CEDFDDE009CE382 /* Resources */,
				2548806847A2848B3B8A3229 /* 📦 Copy Pods Resources */,
			);
			buildRules = (
			);
			dependencies = (
				7C45CAD71CEDFDDE009CE382 /* PBXTargetDependency */,
			);
			name = "Suto StreamUITests";
			productName = "Suto StreamUITests";
			productReference = 7C45CAD51CEDFDDE009CE382 /* Suto StreamUITests.xctest */;
			productType = "com.apple.product-type.bundle.ui-testing";
		};
/* End PBXNativeTarget section */

/* Begin PBXProject section */
		7C45CAAB1CEDFDDD009CE382 /* Project object */ = {
			isa = PBXProject;
			attributes = {
				LastSwiftUpdateCheck = 0730;
				LastUpgradeCheck = 0730;
				ORGANIZATIONNAME = "Ngo Quoc Thang";
				TargetAttributes = {
					7C45CAB21CEDFDDD009CE382 = {
						CreatedOnToolsVersion = 7.3.1;
						DevelopmentTeam = 9P59V98FJX;
						SystemCapabilities = {
							com.apple.BackgroundModes = {
								enabled = 0;
							};
						};
					};
					7C45CAC91CEDFDDE009CE382 = {
						CreatedOnToolsVersion = 7.3.1;
						TestTargetID = 7C45CAB21CEDFDDD009CE382;
					};
					7C45CAD41CEDFDDE009CE382 = {
						CreatedOnToolsVersion = 7.3.1;
						DevelopmentTeam = 9P59V98FJX;
						TestTargetID = 7C45CAB21CEDFDDD009CE382;
					};
				};
			};
			buildConfigurationList = 7C45CAAE1CEDFDDD009CE382 /* Build configuration list for PBXProject "Suto Stream" */;
			compatibilityVersion = "Xcode 3.2";
			developmentRegion = English;
			hasScannedForEncodings = 0;
			knownRegions = (
				en,
				Base,
			);
			mainGroup = 7C45CAAA1CEDFDDD009CE382;
			productRefGroup = 7C45CAB41CEDFDDD009CE382 /* Products */;
			projectDirPath = "";
			projectRoot = "";
			targets = (
				7C45CAB21CEDFDDD009CE382 /* Suto Stream */,
				7C45CAC91CEDFDDE009CE382 /* Suto StreamTests */,
				7C45CAD41CEDFDDE009CE382 /* Suto StreamUITests */,
			);
		};
/* End PBXProject section */

/* Begin PBXResourcesBuildPhase section */
		7C45CAB11CEDFDDD009CE382 /* Resources */ = {
			isa = PBXResourcesBuildPhase;
			buildActionMask = 2147483647;
			files = (
				7C45CAC41CEDFDDD009CE382 /* LaunchScreen.storyboard in Resources */,
				7CE8EC1E1CEF4D5D00471A46 /* Localizable.strings in Resources */,
				7C45CAC11CEDFDDD009CE382 /* Assets.xcassets in Resources */,
				7C45CABC1CEDFDDD009CE382 /* Main.storyboard in Resources */,
			);
			runOnlyForDeploymentPostprocessing = 0;
		};
		7C45CAC81CEDFDDE009CE382 /* Resources */ = {
			isa = PBXResourcesBuildPhase;
			buildActionMask = 2147483647;
			files = (
				7C0C03661D05CD650033BCED /* test.m3u8 in Resources */,
			);
			runOnlyForDeploymentPostprocessing = 0;
		};
		7C45CAD31CEDFDDE009CE382 /* Resources */ = {
			isa = PBXResourcesBuildPhase;
			buildActionMask = 2147483647;
			files = (
			);
			runOnlyForDeploymentPostprocessing = 0;
		};
/* End PBXResourcesBuildPhase section */

/* Begin PBXShellScriptBuildPhase section */
		089DDCBEA80F743EE2E703BC /* 📦 Check Pods Manifest.lock */ = {
			isa = PBXShellScriptBuildPhase;
			buildActionMask = 2147483647;
			files = (
			);
			inputPaths = (
			);
			name = "📦 Check Pods Manifest.lock";
			outputPaths = (
			);
			runOnlyForDeploymentPostprocessing = 0;
			shellPath = /bin/sh;
			shellScript = "diff \"${PODS_ROOT}/../Podfile.lock\" \"${PODS_ROOT}/Manifest.lock\" > /dev/null\nif [[ $? != 0 ]] ; then\n    cat << EOM\nerror: The sandbox is not in sync with the Podfile.lock. Run 'pod install' or update your CocoaPods installation.\nEOM\n    exit 1\nfi\n";
			showEnvVarsInLog = 0;
		};
		2548806847A2848B3B8A3229 /* 📦 Copy Pods Resources */ = {
			isa = PBXShellScriptBuildPhase;
			buildActionMask = 2147483647;
			files = (
			);
			inputPaths = (
			);
			name = "📦 Copy Pods Resources";
			outputPaths = (
			);
			runOnlyForDeploymentPostprocessing = 0;
			shellPath = /bin/sh;
			shellScript = "\"${SRCROOT}/Pods/Target Support Files/Pods-Suto StreamUITests/Pods-Suto StreamUITests-resources.sh\"\n";
			showEnvVarsInLog = 0;
		};
		5D4EE37F0F2419C10E994677 /* 📦 Check Pods Manifest.lock */ = {
			isa = PBXShellScriptBuildPhase;
			buildActionMask = 2147483647;
			files = (
			);
			inputPaths = (
			);
			name = "📦 Check Pods Manifest.lock";
			outputPaths = (
			);
			runOnlyForDeploymentPostprocessing = 0;
			shellPath = /bin/sh;
			shellScript = "diff \"${PODS_ROOT}/../Podfile.lock\" \"${PODS_ROOT}/Manifest.lock\" > /dev/null\nif [[ $? != 0 ]] ; then\n    cat << EOM\nerror: The sandbox is not in sync with the Podfile.lock. Run 'pod install' or update your CocoaPods installation.\nEOM\n    exit 1\nfi\n";
			showEnvVarsInLog = 0;
		};
		62B42F43907E69C221D2A0A2 /* 📦 Copy Pods Resources */ = {
			isa = PBXShellScriptBuildPhase;
			buildActionMask = 2147483647;
			files = (
			);
			inputPaths = (
			);
			name = "📦 Copy Pods Resources";
			outputPaths = (
			);
			runOnlyForDeploymentPostprocessing = 0;
			shellPath = /bin/sh;
			shellScript = "\"${SRCROOT}/Pods/Target Support Files/Pods-Suto StreamTests/Pods-Suto StreamTests-resources.sh\"\n";
			showEnvVarsInLog = 0;
		};
		9C36BCAF1CBA8448D500600E /* 📦 Check Pods Manifest.lock */ = {
			isa = PBXShellScriptBuildPhase;
			buildActionMask = 2147483647;
			files = (
			);
			inputPaths = (
			);
			name = "📦 Check Pods Manifest.lock";
			outputPaths = (
			);
			runOnlyForDeploymentPostprocessing = 0;
			shellPath = /bin/sh;
			shellScript = "diff \"${PODS_ROOT}/../Podfile.lock\" \"${PODS_ROOT}/Manifest.lock\" > /dev/null\nif [[ $? != 0 ]] ; then\n    cat << EOM\nerror: The sandbox is not in sync with the Podfile.lock. Run 'pod install' or update your CocoaPods installation.\nEOM\n    exit 1\nfi\n";
			showEnvVarsInLog = 0;
		};
		D480861BF65E45ABE55260E6 /* 📦 Embed Pods Frameworks */ = {
			isa = PBXShellScriptBuildPhase;
			buildActionMask = 2147483647;
			files = (
			);
			inputPaths = (
			);
			name = "📦 Embed Pods Frameworks";
			outputPaths = (
			);
			runOnlyForDeploymentPostprocessing = 0;
			shellPath = /bin/sh;
			shellScript = "\"${SRCROOT}/Pods/Target Support Files/Pods-Suto StreamTests/Pods-Suto StreamTests-frameworks.sh\"\n";
			showEnvVarsInLog = 0;
		};
		D4CA0CA380A1BB0A0AF8D3AF /* 📦 Embed Pods Frameworks */ = {
			isa = PBXShellScriptBuildPhase;
			buildActionMask = 2147483647;
			files = (
			);
			inputPaths = (
			);
			name = "📦 Embed Pods Frameworks";
			outputPaths = (
			);
			runOnlyForDeploymentPostprocessing = 0;
			shellPath = /bin/sh;
			shellScript = "\"${SRCROOT}/Pods/Target Support Files/Pods-Suto Stream/Pods-Suto Stream-frameworks.sh\"\n";
			showEnvVarsInLog = 0;
		};
		D61083C7A05CA8622BC47E88 /* 📦 Copy Pods Resources */ = {
			isa = PBXShellScriptBuildPhase;
			buildActionMask = 2147483647;
			files = (
			);
			inputPaths = (
			);
			name = "📦 Copy Pods Resources";
			outputPaths = (
			);
			runOnlyForDeploymentPostprocessing = 0;
			shellPath = /bin/sh;
			shellScript = "\"${SRCROOT}/Pods/Target Support Files/Pods-Suto Stream/Pods-Suto Stream-resources.sh\"\n";
			showEnvVarsInLog = 0;
		};
/* End PBXShellScriptBuildPhase section */

/* Begin PBXSourcesBuildPhase section */
		7C45CAAF1CEDFDDD009CE382 /* Sources */ = {
			isa = PBXSourcesBuildPhase;
			buildActionMask = 2147483647;
			files = (
				7C0E1A331CFC78D80060DA4F /* DataSource.swift in Sources */,
				7C7BD84C1D006E7200F6701A /* BaseViewModel.swift in Sources */,
				7C7BD8541D007FAE00F6701A /* Dictionary.swift in Sources */,
				7C728DE61D11892C003B1599 /* PaintCodeIcon6.swift in Sources */,
				7CA6E4BD1CEE05CE00F61144 /* HomeViewModeling.swift in Sources */,
				7C7BD8451D00648800F6701A /* PlayerViewModel.swift in Sources */,
				7C728DE41D11892C003B1599 /* PaintCodeIcon4.swift in Sources */,
				7C45CABF1CEDFDDD009CE382 /* Suto_Stream.xcdatamodeld in Sources */,
				7C0E1A431CFC78D80060DA4F /* TwitchGame.swift in Sources */,
				7C45CAB71CEDFDDD009CE382 /* AppDelegate.swift in Sources */,
				7C0E1A471CFC78D80060DA4F /* TwitchTopGame.swift in Sources */,
				7C0E1A401CFC78D80060DA4F /* TwitchChannel.swift in Sources */,
				7C7BD8481D0067D700F6701A /* StreamCell.swift in Sources */,
				7C728DF81D142DB5003B1599 /* StreamListViewModeling.swift in Sources */,
				7C0406FC1CF5A498008D3D77 /* TwitchGameCollectionCell.swift in Sources */,
				7C0E1A3D1CFC78D80060DA4F /* NetworkError.swift in Sources */,
				7C7BD8511D00752A00F6701A /* TwitchStreamService.swift in Sources */,
				7C66F70E1D2141DB00DA87D3 /* SutoPlayerContainer.swift in Sources */,
				7C45CAEA1CEDFFE2009CE382 /* HomeViewModel.swift in Sources */,
				7C728DE21D11892C003B1599 /* PaintCodeIcons2.swift in Sources */,
				7C0E1A381CFC78D80060DA4F /* IJsonConverter.swift in Sources */,
				7C0406F31CF46CBF008D3D77 /* StreamListController.swift in Sources */,
				7CAC95D11D0B0C86000E8808 /* SideMenuProfileCell.swift in Sources */,
				7C0E1A451CFC78D80060DA4F /* TwitchGameLogo.swift in Sources */,
				7C1EA5AF1CF7313500905A9F /* RoundedCornersView.swift in Sources */,
				7C0E1A391CFC78D80060DA4F /* INextProvider.swift in Sources */,
				7C728DED1D11B252003B1599 /* TableFooter.swift in Sources */,
				7C44F0961D0AD9DD00681476 /* SideMenuViewController.swift in Sources */,
				7C1EA5AA1CF71DFF00905A9F /* AppConstant.swift in Sources */,
				7C0E1A441CFC78D80060DA4F /* TwitchGameBox.swift in Sources */,
				7C5C76701D25797200CFE2AE /* AppSetting.swift in Sources */,
				7C728DE81D11892C003B1599 /* PaintCodeIcon8.swift in Sources */,
				7C0407781CF5ED95008D3D77 /* SutoTabBarController.swift in Sources */,
				7C0E1A371CFC78D80060DA4F /* IDataSource.swift in Sources */,
				7C7BD83B1D0056A000F6701A /* StreamListViewModel.swift in Sources */,
				7C0C03641D05C9070033BCED /* TwitchStreamInfo.swift in Sources */,
				7C0E1A3E1CFC78D80060DA4F /* SwiftyConverter.swift in Sources */,
				7C728DD21D1171B2003B1599 /* UIViewController.swift in Sources */,
				7C728DF61D141DF3003B1599 /* SWRevealViewController.m in Sources */,
				7C728DE51D11892C003B1599 /* PaintCodeIcon5.swift in Sources */,
				7CF840641D2685950027210C /* CellAnimationHelper.swift in Sources */,
				7C728DEB1D11923B003B1599 /* SettingViewController.swift in Sources */,
				7CE8EC251CEF56A900471A46 /* TwitchGameCell.swift in Sources */,
				7C4BAF161CEF010400548A75 /* HomeViewController.swift in Sources */,
				7C0E1A4A1CFC78D80060DA4F /* WebService.swift in Sources */,
				7CE8EC231CEF4D9E00471A46 /* LocalizedString.swift in Sources */,
				7C728DE11D11892C003B1599 /* PaintCodeIcons.swift in Sources */,
				7C7BD8591D019E5F00F6701A /* SettingAdapter.swift in Sources */,
				7C0E1A351CFC78D80060DA4F /* DealSection.swift in Sources */,
				7C0E1A421CFC78D80060DA4F /* TwitchEndpointResult.swift in Sources */,
				7C0E1A341CFC78D80060DA4F /* Deal.swift in Sources */,
				7C0E1A3B1CFC78D80060DA4F /* JsonInitable.swift in Sources */,
				7C0E1A481CFC78D80060DA4F /* TwitchTopGameResult.swift in Sources */,
				7C1BD7D11D072A0C00F9773A /* M3U8Parser.swift in Sources */,
				7CD6A2231D2CFCE00080ABE4 /* SutoSearchViewController.swift in Sources */,
				7C1EA5B21CF740A300905A9F /* SutoNavigationController.swift in Sources */,
				7CD6A2211D2BEDBF0080ABE4 /* TwitchUserModel.swift in Sources */,
				7C7BD83F1D005A8E00F6701A /* TwitchStream.swift in Sources */,
				7C0E1A461CFC78D80060DA4F /* TwitchLink.swift in Sources */,
				7C1EA5AD1CF720B000905A9F /* UIColorHelper.swift in Sources */,
				7C7BD8391D0044AD00F6701A /* IntroThreeViewController.swift in Sources */,
				7C728DFE1D14406C003B1599 /* NotificationCell.swift in Sources */,
				7CE8EC271CEF57CA00471A46 /* TwitchGameCellModeling.swift in Sources */,
				7CD6A2251D2FD9F20080ABE4 /* TopStreamListController.swift in Sources */,
				7C7BD85C1D01AECF00F6701A /* String.swift in Sources */,
				7C728DFC1D14401F003B1599 /* VideoQualityCell.swift in Sources */,
				7C7BD8371D0044A100F6701A /* IntroTwoViewController.swift in Sources */,
				7CA1AEF71CFC48210076551D /* IntroViewController.swift in Sources */,
				7C728DF11D13FD27003B1599 /* HidingViewController.swift in Sources */,
				7C7BD84A1D006B4B00F6701A /* StreamCellViewModel.swift in Sources */,
				7C4576A51D18254400CF9A44 /* Oauth2Service.swift in Sources */,
				7C728DFA1D144009003B1599 /* ChatEnableCell.swift in Sources */,
				7C4576A31D144CF500CF9A44 /* SettingCell.swift in Sources */,
				7C0406FA1CF59A61008D3D77 /* HomeCollectionViewController.swift in Sources */,
				7CB6D54F1D01D5A6002CDA8D /* DefaultImage.swift in Sources */,
				7C0E1A411CFC78D80060DA4F /* TwitchEndpoint.swift in Sources */,
				7CA6E4BF1CEE087E00F61144 /* serviceLocate.swift in Sources */,
				7C728DEF1D13FCFE003B1599 /* HidingNavigationBarManagerDelegate.swift in Sources */,
				7C57EC811D08443F00AFC2BC /* TwitchStreamInfoService.swift in Sources */,
				7CE8BF661D002F6A006E631A /* IntroOneViewController.swift in Sources */,
				7CF840661D26A1B40027210C /* TwitchUser.swift in Sources */,
				7C8329801D266B2000CED836 /* UIImageView.swift in Sources */,
				7C0E1A491CFC78D80060DA4F /* TwitchTopGameService.swift in Sources */,
				7C0C03621D05C7F10033BCED /* TwitchChannelAccess.swift in Sources */,
				7C0E1A3A1CFC78D80060DA4F /* IWebService.swift in Sources */,
				7C7BD8571D0199B000F6701A /* SettingService.swift in Sources */,
				7C0E1A361CFC78D80060DA4F /* Dish.swift in Sources */,
				7C728DE31D11892C003B1599 /* PaintCodeIcon3.swift in Sources */,
				7C7BD83D1D005A4100F6701A /* TwitchStreamResult.swift in Sources */,
				7C0E1A3F1CFC78D80060DA4F /* TestTwitch.swift in Sources */,
				7C7BD8411D005B3000F6701A /* TwitchStreamPreview.swift in Sources */,
				7CE8EC291CEF57D700471A46 /* TwitchGameCellViewModel.swift in Sources */,
				7C728DE71D11892C003B1599 /* PaintCodeIcons7.swift in Sources */,
				7C1EA5B41CF84C4E00905A9F /* SutoViewController.swift in Sources */,
				7C57EC7F1D08410800AFC2BC /* IM3U8Parser.swift in Sources */,
				7CF840681D2A69DD0027210C /* RACUtil.swift in Sources */,
				7C7BD8431D005FE200F6701A /* PlayerViewController.swift in Sources */,
				7C728DD41D1175DF003B1599 /* SideMenuProfile.swift in Sources */,
				7C728DD71D11880A003B1599 /* HighLightButton.swift in Sources */,
				BAB8C0FB32EB4BE7ED370371 /* SearchViewController.swift in Sources */,
				7CD6A21F1D2BED830080ABE4 /* TwitchUserModeling.swift in Sources */,
				BAB8C18E9E0A3620356443A0 /* SearchViewModel.swift in Sources */,
			);
			runOnlyForDeploymentPostprocessing = 0;
		};
		7C45CAC61CEDFDDE009CE382 /* Sources */ = {
			isa = PBXSourcesBuildPhase;
			buildActionMask = 2147483647;
			files = (
				7CE8EC1B1CEF3EDC00471A46 /* AppDelegateSpec.swift in Sources */,
			);
			runOnlyForDeploymentPostprocessing = 0;
		};
		7C45CAD11CEDFDDE009CE382 /* Sources */ = {
			isa = PBXSourcesBuildPhase;
			buildActionMask = 2147483647;
			files = (
				7C45CADA1CEDFDDE009CE382 /* Suto_StreamUITests.swift in Sources */,
			);
			runOnlyForDeploymentPostprocessing = 0;
		};
/* End PBXSourcesBuildPhase section */

/* Begin PBXTargetDependency section */
		7C45CACC1CEDFDDE009CE382 /* PBXTargetDependency */ = {
			isa = PBXTargetDependency;
			target = 7C45CAB21CEDFDDD009CE382 /* Suto Stream */;
			targetProxy = 7C45CACB1CEDFDDE009CE382 /* PBXContainerItemProxy */;
		};
		7C45CAD71CEDFDDE009CE382 /* PBXTargetDependency */ = {
			isa = PBXTargetDependency;
			target = 7C45CAB21CEDFDDD009CE382 /* Suto Stream */;
			targetProxy = 7C45CAD61CEDFDDE009CE382 /* PBXContainerItemProxy */;
		};
/* End PBXTargetDependency section */

/* Begin PBXVariantGroup section */
		7C45CABA1CEDFDDD009CE382 /* Main.storyboard */ = {
			isa = PBXVariantGroup;
			children = (
				7C45CABB1CEDFDDD009CE382 /* Base */,
			);
			name = Main.storyboard;
			sourceTree = "<group>";
		};
		7C45CAC21CEDFDDD009CE382 /* LaunchScreen.storyboard */ = {
			isa = PBXVariantGroup;
			children = (
				7C45CAC31CEDFDDD009CE382 /* Base */,
			);
			name = LaunchScreen.storyboard;
			sourceTree = "<group>";
		};
		7CE8EC201CEF4D5D00471A46 /* Localizable.strings */ = {
			isa = PBXVariantGroup;
			children = (
				7CE8EC1F1CEF4D5D00471A46 /* Base */,
				7CE8EC211CEF4D6300471A46 /* en */,
			);
			name = Localizable.strings;
			sourceTree = "<group>";
		};
/* End PBXVariantGroup section */

/* Begin XCBuildConfiguration section */
		7C45CADC1CEDFDDE009CE382 /* Debug */ = {
			isa = XCBuildConfiguration;
			buildSettings = {
				ALWAYS_SEARCH_USER_PATHS = NO;
				CLANG_ANALYZER_NONNULL = YES;
				CLANG_CXX_LANGUAGE_STANDARD = "gnu++0x";
				CLANG_CXX_LIBRARY = "libc++";
				CLANG_ENABLE_MODULES = YES;
				CLANG_ENABLE_OBJC_ARC = YES;
				CLANG_WARN_BOOL_CONVERSION = YES;
				CLANG_WARN_CONSTANT_CONVERSION = YES;
				CLANG_WARN_DIRECT_OBJC_ISA_USAGE = YES_ERROR;
				CLANG_WARN_EMPTY_BODY = YES;
				CLANG_WARN_ENUM_CONVERSION = YES;
				CLANG_WARN_INT_CONVERSION = YES;
				CLANG_WARN_OBJC_ROOT_CLASS = YES_ERROR;
				CLANG_WARN_UNREACHABLE_CODE = YES;
				CLANG_WARN__DUPLICATE_METHOD_MATCH = YES;
				CODE_SIGN_IDENTITY = "iPhone Developer: thang2410199@gmail.com (H626Z7M749)";
				"CODE_SIGN_IDENTITY[sdk=iphoneos*]" = "iPhone Developer: thang2410199@gmail.com (H626Z7M749)";
				COPY_PHASE_STRIP = NO;
				DEBUG_INFORMATION_FORMAT = dwarf;
				ENABLE_BITCODE = NO;
				ENABLE_STRICT_OBJC_MSGSEND = YES;
				ENABLE_TESTABILITY = YES;
				FRAMEWORK_SEARCH_PATHS = "$(PLATFORM_DIR)/Developer/Library/Frameworks/**";
				GCC_C_LANGUAGE_STANDARD = gnu99;
				GCC_DYNAMIC_NO_PIC = NO;
				GCC_NO_COMMON_BLOCKS = YES;
				GCC_OPTIMIZATION_LEVEL = 0;
				GCC_PREPROCESSOR_DEFINITIONS = (
					"DEBUG=1",
					"$(inherited)",
				);
				GCC_WARN_64_TO_32_BIT_CONVERSION = YES;
				GCC_WARN_ABOUT_RETURN_TYPE = YES_ERROR;
				GCC_WARN_UNDECLARED_SELECTOR = YES;
				GCC_WARN_UNINITIALIZED_AUTOS = YES_AGGRESSIVE;
				GCC_WARN_UNUSED_FUNCTION = YES;
				GCC_WARN_UNUSED_VARIABLE = YES;
				IPHONEOS_DEPLOYMENT_TARGET = 9.3;
				MTL_ENABLE_DEBUG_INFO = YES;
				ONLY_ACTIVE_ARCH = YES;
				PROVISIONING_PROFILE = "e652f8be-8583-4600-90a2-e59d6d2e5d0d";
				SDKROOT = iphoneos;
				SWIFT_OPTIMIZATION_LEVEL = "-Onone";
				TARGETED_DEVICE_FAMILY = "1,2";
			};
			name = Debug;
		};
		7C45CADD1CEDFDDE009CE382 /* Release */ = {
			isa = XCBuildConfiguration;
			buildSettings = {
				ALWAYS_SEARCH_USER_PATHS = NO;
				CLANG_ANALYZER_NONNULL = YES;
				CLANG_CXX_LANGUAGE_STANDARD = "gnu++0x";
				CLANG_CXX_LIBRARY = "libc++";
				CLANG_ENABLE_MODULES = YES;
				CLANG_ENABLE_OBJC_ARC = YES;
				CLANG_WARN_BOOL_CONVERSION = YES;
				CLANG_WARN_CONSTANT_CONVERSION = YES;
				CLANG_WARN_DIRECT_OBJC_ISA_USAGE = YES_ERROR;
				CLANG_WARN_EMPTY_BODY = YES;
				CLANG_WARN_ENUM_CONVERSION = YES;
				CLANG_WARN_INT_CONVERSION = YES;
				CLANG_WARN_OBJC_ROOT_CLASS = YES_ERROR;
				CLANG_WARN_UNREACHABLE_CODE = YES;
				CLANG_WARN__DUPLICATE_METHOD_MATCH = YES;
				CODE_SIGN_IDENTITY = "iPhone Developer: thang2410199@gmail.com (H626Z7M749)";
				"CODE_SIGN_IDENTITY[sdk=iphoneos*]" = "iPhone Developer: thang2410199@gmail.com (H626Z7M749)";
				COPY_PHASE_STRIP = NO;
				DEBUG_INFORMATION_FORMAT = "dwarf-with-dsym";
				ENABLE_BITCODE = NO;
				ENABLE_NS_ASSERTIONS = NO;
				ENABLE_STRICT_OBJC_MSGSEND = YES;
				FRAMEWORK_SEARCH_PATHS = "$(PLATFORM_DIR)/Developer/Library/Frameworks/**";
				GCC_C_LANGUAGE_STANDARD = gnu99;
				GCC_NO_COMMON_BLOCKS = YES;
				GCC_WARN_64_TO_32_BIT_CONVERSION = YES;
				GCC_WARN_ABOUT_RETURN_TYPE = YES_ERROR;
				GCC_WARN_UNDECLARED_SELECTOR = YES;
				GCC_WARN_UNINITIALIZED_AUTOS = YES_AGGRESSIVE;
				GCC_WARN_UNUSED_FUNCTION = YES;
				GCC_WARN_UNUSED_VARIABLE = YES;
				IPHONEOS_DEPLOYMENT_TARGET = 9.3;
				MTL_ENABLE_DEBUG_INFO = NO;
				PROVISIONING_PROFILE = "e652f8be-8583-4600-90a2-e59d6d2e5d0d";
				SDKROOT = iphoneos;
				TARGETED_DEVICE_FAMILY = "1,2";
				VALIDATE_PRODUCT = YES;
			};
			name = Release;
		};
		7C45CADF1CEDFDDE009CE382 /* Debug */ = {
			isa = XCBuildConfiguration;
			baseConfigurationReference = 26CA58B430E33CAD9B517666 /* Pods-Suto Stream.debug.xcconfig */;
			buildSettings = {
				ASSETCATALOG_COMPILER_APPICON_NAME = AppIcon;
				CLANG_ENABLE_MODULES = YES;
				CODE_SIGN_IDENTITY = "iPhone Developer";
				"CODE_SIGN_IDENTITY[sdk=iphoneos*]" = "iPhone Developer";
				ENABLE_BITCODE = NO;
				FRAMEWORK_SEARCH_PATHS = (
					"$(inherited)/**",
					"@executable_path/Frameworks/**",
				);
				INFOPLIST_FILE = "Suto Stream/Info.plist";
				LD_RUNPATH_SEARCH_PATHS = "$(inherited) @executable_path/Frameworks";
				OTHER_LDFLAGS = (
					"$(inherited)",
					"-ObjC",
					"-framework",
					"\"AMSlideMenu\"",
					"-framework",
					"\"Alamofire\"",
					"-framework",
					"\"AlamofireObjectMapper\"",
					"-framework",
					"\"Async\"",
					"-framework",
					"\"BFPaperButton\"",
					"-framework",
					"\"DZNEmptyDataSet\"",
					"-framework",
					"\"DropDown\"",
					"-framework",
					"\"DualSlideMenu\"",
					"-framework",
					"\"FlowSlideMenu\"",
					"-framework",
					"\"Kingfisher\"",
					"-framework",
					"\"LoremIpsum\"",
					"-framework",
					"\"MMDrawerController\"",
					"-framework",
					"\"MSDynamicsDrawerViewController\"",
					"-framework",
					"\"MobilePlayer\"",
					"-framework",
					"\"OAuthSwift\"",
					"-framework",
					"\"ObjectMapper\"",
					"-framework",
					"\"PureLayout\"",
					"-framework",
					"\"ReactiveCocoa\"",
					"-framework",
					"\"Realm\"",
					"-framework",
					"\"RealmSwift\"",
					"-framework",
					"\"Result\"",
					"-framework",
					"\"RxBlocking\"",
					"-framework",
					"\"RxCocoa\"",
					"-framework",
					"\"RxSwift\"",
					"-framework",
					"\"SDWebImage\"",
					"-framework",
					"\"SRKControls\"",
					"-framework",
					"\"SVProgressHUD\"",
					"-framework",
					"\"Spring\"",
					"-framework",
					"\"StatefulViewController\"",
					"-framework",
					"\"SugarRecord\"",
					"-framework",
					"\"SwiftKeychain\"",
					"-framework",
					"\"SwiftyJSON\"",
					"-framework",
					"\"Swinject\"",
					"-framework",
					"\"UIColor_BFPaperColors\"",
					"-framework",
					"\"p2_OAuth2\"",
				);
				PRODUCT_BUNDLE_IDENTIFIER = "owned.Suto-Stream";
				PRODUCT_NAME = "$(TARGET_NAME)";
				PROVISIONING_PROFILE = "";
				SWIFT_OBJC_BRIDGING_HEADER = "Suto Stream-Bridging-Header.h";
				SWIFT_OPTIMIZATION_LEVEL = "-Onone";
			};
			name = Debug;
		};
		7C45CAE01CEDFDDE009CE382 /* Release */ = {
			isa = XCBuildConfiguration;
			baseConfigurationReference = EE09DF23BF1FE9B592426245 /* Pods-Suto Stream.release.xcconfig */;
			buildSettings = {
				ASSETCATALOG_COMPILER_APPICON_NAME = AppIcon;
				CLANG_ENABLE_MODULES = YES;
				CODE_SIGN_IDENTITY = "iPhone Developer";
				"CODE_SIGN_IDENTITY[sdk=iphoneos*]" = "iPhone Developer";
				ENABLE_BITCODE = NO;
				FRAMEWORK_SEARCH_PATHS = (
					"$(inherited)/**",
					"@executable_path/Frameworks/**",
				);
				INFOPLIST_FILE = "Suto Stream/Info.plist";
				LD_RUNPATH_SEARCH_PATHS = "$(inherited) @executable_path/Frameworks";
				OTHER_LDFLAGS = (
					"$(inherited)",
					"-ObjC",
					"-framework",
					"\"AMSlideMenu\"",
					"-framework",
					"\"Alamofire\"",
					"-framework",
					"\"AlamofireObjectMapper\"",
					"-framework",
					"\"Async\"",
					"-framework",
					"\"BFPaperButton\"",
					"-framework",
					"\"DZNEmptyDataSet\"",
					"-framework",
					"\"DropDown\"",
					"-framework",
					"\"DualSlideMenu\"",
					"-framework",
					"\"FlowSlideMenu\"",
					"-framework",
					"\"Kingfisher\"",
					"-framework",
					"\"LoremIpsum\"",
					"-framework",
					"\"MMDrawerController\"",
					"-framework",
					"\"MSDynamicsDrawerViewController\"",
					"-framework",
					"\"MobilePlayer\"",
					"-framework",
					"\"OAuthSwift\"",
					"-framework",
					"\"ObjectMapper\"",
					"-framework",
					"\"PureLayout\"",
					"-framework",
					"\"ReactiveCocoa\"",
					"-framework",
					"\"Realm\"",
					"-framework",
					"\"RealmSwift\"",
					"-framework",
					"\"Result\"",
					"-framework",
					"\"RxBlocking\"",
					"-framework",
					"\"RxCocoa\"",
					"-framework",
					"\"RxSwift\"",
					"-framework",
					"\"SDWebImage\"",
					"-framework",
					"\"SRKControls\"",
					"-framework",
					"\"SVProgressHUD\"",
					"-framework",
					"\"Spring\"",
					"-framework",
					"\"StatefulViewController\"",
					"-framework",
					"\"SugarRecord\"",
					"-framework",
					"\"SwiftKeychain\"",
					"-framework",
					"\"SwiftyJSON\"",
					"-framework",
					"\"Swinject\"",
					"-framework",
					"\"UIColor_BFPaperColors\"",
					"-framework",
					"\"p2_OAuth2\"",
				);
				PRODUCT_BUNDLE_IDENTIFIER = "owned.Suto-Stream";
				PRODUCT_NAME = "$(TARGET_NAME)";
				PROVISIONING_PROFILE = "";
				SWIFT_OBJC_BRIDGING_HEADER = "Suto Stream-Bridging-Header.h";
			};
			name = Release;
		};
		7C45CAE21CEDFDDE009CE382 /* Debug */ = {
			isa = XCBuildConfiguration;
			baseConfigurationReference = 0E539A4C433B7B875CC757AC /* Pods-Suto StreamTests.debug.xcconfig */;
			buildSettings = {
				BUNDLE_LOADER = "$(TEST_HOST)";
				CLANG_ENABLE_MODULES = YES;
				INFOPLIST_FILE = "Suto StreamTests/Info.plist";
				LD_RUNPATH_SEARCH_PATHS = "$(inherited) @executable_path/Frameworks @loader_path/Frameworks";
				PRODUCT_BUNDLE_IDENTIFIER = "owned.Suto-StreamTests";
				PRODUCT_NAME = "$(TARGET_NAME)";
				SWIFT_OPTIMIZATION_LEVEL = "-Onone";
				TEST_HOST = "$(BUILT_PRODUCTS_DIR)/Suto Stream.app/Suto Stream";
			};
			name = Debug;
		};
		7C45CAE31CEDFDDE009CE382 /* Release */ = {
			isa = XCBuildConfiguration;
			baseConfigurationReference = D8FC0F1646F2576F8EECFB39 /* Pods-Suto StreamTests.release.xcconfig */;
			buildSettings = {
				BUNDLE_LOADER = "$(TEST_HOST)";
				CLANG_ENABLE_MODULES = YES;
				INFOPLIST_FILE = "Suto StreamTests/Info.plist";
				LD_RUNPATH_SEARCH_PATHS = "$(inherited) @executable_path/Frameworks @loader_path/Frameworks";
				PRODUCT_BUNDLE_IDENTIFIER = "owned.Suto-StreamTests";
				PRODUCT_NAME = "$(TARGET_NAME)";
				TEST_HOST = "$(BUILT_PRODUCTS_DIR)/Suto Stream.app/Suto Stream";
			};
			name = Release;
		};
		7C45CAE51CEDFDDE009CE382 /* Debug */ = {
			isa = XCBuildConfiguration;
			baseConfigurationReference = A32AE8165EB1C2907A27712C /* Pods-Suto StreamUITests.debug.xcconfig */;
			buildSettings = {
				CODE_SIGN_IDENTITY = "iPhone Developer";
				"CODE_SIGN_IDENTITY[sdk=iphoneos*]" = "iPhone Developer";
				INFOPLIST_FILE = "Suto StreamUITests/Info.plist";
				LD_RUNPATH_SEARCH_PATHS = "$(inherited) @executable_path/Frameworks @loader_path/Frameworks";
				PRODUCT_BUNDLE_IDENTIFIER = "owned.Suto-StreamUITests";
				PRODUCT_NAME = "$(TARGET_NAME)";
				PROVISIONING_PROFILE = "";
				TEST_TARGET_NAME = "Suto Stream";
			};
			name = Debug;
		};
		7C45CAE61CEDFDDE009CE382 /* Release */ = {
			isa = XCBuildConfiguration;
			baseConfigurationReference = 61B5FAFD05A4D3633EF1D045 /* Pods-Suto StreamUITests.release.xcconfig */;
			buildSettings = {
				CODE_SIGN_IDENTITY = "iPhone Developer";
				"CODE_SIGN_IDENTITY[sdk=iphoneos*]" = "iPhone Developer";
				INFOPLIST_FILE = "Suto StreamUITests/Info.plist";
				LD_RUNPATH_SEARCH_PATHS = "$(inherited) @executable_path/Frameworks @loader_path/Frameworks";
				PRODUCT_BUNDLE_IDENTIFIER = "owned.Suto-StreamUITests";
				PRODUCT_NAME = "$(TARGET_NAME)";
				PROVISIONING_PROFILE = "";
				TEST_TARGET_NAME = "Suto Stream";
			};
			name = Release;
		};
/* End XCBuildConfiguration section */

/* Begin XCConfigurationList section */
		7C45CAAE1CEDFDDD009CE382 /* Build configuration list for PBXProject "Suto Stream" */ = {
			isa = XCConfigurationList;
			buildConfigurations = (
				7C45CADC1CEDFDDE009CE382 /* Debug */,
				7C45CADD1CEDFDDE009CE382 /* Release */,
			);
			defaultConfigurationIsVisible = 0;
			defaultConfigurationName = Release;
		};
		7C45CADE1CEDFDDE009CE382 /* Build configuration list for PBXNativeTarget "Suto Stream" */ = {
			isa = XCConfigurationList;
			buildConfigurations = (
				7C45CADF1CEDFDDE009CE382 /* Debug */,
				7C45CAE01CEDFDDE009CE382 /* Release */,
			);
			defaultConfigurationIsVisible = 0;
			defaultConfigurationName = Release;
		};
		7C45CAE11CEDFDDE009CE382 /* Build configuration list for PBXNativeTarget "Suto StreamTests" */ = {
			isa = XCConfigurationList;
			buildConfigurations = (
				7C45CAE21CEDFDDE009CE382 /* Debug */,
				7C45CAE31CEDFDDE009CE382 /* Release */,
			);
			defaultConfigurationIsVisible = 0;
			defaultConfigurationName = Release;
		};
		7C45CAE41CEDFDDE009CE382 /* Build configuration list for PBXNativeTarget "Suto StreamUITests" */ = {
			isa = XCConfigurationList;
			buildConfigurations = (
				7C45CAE51CEDFDDE009CE382 /* Debug */,
				7C45CAE61CEDFDDE009CE382 /* Release */,
			);
			defaultConfigurationIsVisible = 0;
			defaultConfigurationName = Release;
		};
/* End XCConfigurationList section */

/* Begin XCVersionGroup section */
		7C45CABD1CEDFDDD009CE382 /* Suto_Stream.xcdatamodeld */ = {
			isa = XCVersionGroup;
			children = (
				7C45CABE1CEDFDDD009CE382 /* Suto_Stream.xcdatamodel */,
			);
			currentVersion = 7C45CABE1CEDFDDD009CE382 /* Suto_Stream.xcdatamodel */;
			path = Suto_Stream.xcdatamodeld;
			sourceTree = "<group>";
			versionGroupType = wrapper.xcdatamodel;
		};
/* End XCVersionGroup section */
	};
	rootObject = 7C45CAAB1CEDFDDD009CE382 /* Project object */;
}
